// !$*UTF8*$!
{
	archiveVersion = 1;
	classes = {
	};
	objectVersion = 46;
	objects = {

/* Begin PBXBuildFile section */
		2CA9012A19847FCB00935045 /* ZHXYHomeTableViewController.m in Sources */ = {isa = PBXBuildFile; fileRef = 2CA9012819847FCB00935045 /* ZHXYHomeTableViewController.m */; };
		2CA9012B19847FCB00935045 /* ZHXYHomeTableViewController.xib in Resources */ = {isa = PBXBuildFile; fileRef = 2CA9012919847FCB00935045 /* ZHXYHomeTableViewController.xib */; };
		844197C4197E2EFC00D08337 /* HDScrollview.m in Sources */ = {isa = PBXBuildFile; fileRef = 844197C1197E2EFC00D08337 /* HDScrollview.m */; };
		844197C5197E2EFC00D08337 /* HdPageControl.m in Sources */ = {isa = PBXBuildFile; fileRef = 844197C3197E2EFC00D08337 /* HdPageControl.m */; };
		844197D1197E47B300D08337 /* ZHXYShowDetailContentViewController.m in Sources */ = {isa = PBXBuildFile; fileRef = 844197CF197E47B300D08337 /* ZHXYShowDetailContentViewController.m */; };
		844197D2197E47B300D08337 /* ZHXYShowDetailContentViewController.xib in Resources */ = {isa = PBXBuildFile; fileRef = 844197D0197E47B300D08337 /* ZHXYShowDetailContentViewController.xib */; };
		844197D7197E5E8500D08337 /* Expression_1@2x.png in Resources */ = {isa = PBXBuildFile; fileRef = 844197D3197E5E8500D08337 /* Expression_1@2x.png */; };
		844197D8197E5E8500D08337 /* Expression_2@2x.png in Resources */ = {isa = PBXBuildFile; fileRef = 844197D4197E5E8500D08337 /* Expression_2@2x.png */; };
		844197D9197E5E8500D08337 /* Expression_3@2x.png in Resources */ = {isa = PBXBuildFile; fileRef = 844197D5197E5E8500D08337 /* Expression_3@2x.png */; };
		844197DA197E5E8500D08337 /* Expression_4@2x.png in Resources */ = {isa = PBXBuildFile; fileRef = 844197D6197E5E8500D08337 /* Expression_4@2x.png */; };
		849FF18919861CE1008BFBA3 /* ZHXYSchoolNewsViewController.m in Sources */ = {isa = PBXBuildFile; fileRef = 849FF18719861CE1008BFBA3 /* ZHXYSchoolNewsViewController.m */; };
		849FF18A19861CE1008BFBA3 /* ZHXYSchoolNewsViewController.xib in Resources */ = {isa = PBXBuildFile; fileRef = 849FF18819861CE1008BFBA3 /* ZHXYSchoolNewsViewController.xib */; };
		849FF19119861F1D008BFBA3 /* ZHXYCampusActivitiesViewController.m in Sources */ = {isa = PBXBuildFile; fileRef = 849FF18F19861F1C008BFBA3 /* ZHXYCampusActivitiesViewController.m */; };
		849FF19219861F1D008BFBA3 /* ZHXYCampusActivitiesViewController.xib in Resources */ = {isa = PBXBuildFile; fileRef = 849FF19019861F1C008BFBA3 /* ZHXYCampusActivitiesViewController.xib */; };
		849FF19619861F42008BFBA3 /* ZHXYClassDynamicsViewController.m in Sources */ = {isa = PBXBuildFile; fileRef = 849FF19419861F42008BFBA3 /* ZHXYClassDynamicsViewController.m */; };
		849FF19719861F42008BFBA3 /* ZHXYClassDynamicsViewController.xib in Resources */ = {isa = PBXBuildFile; fileRef = 849FF19519861F42008BFBA3 /* ZHXYClassDynamicsViewController.xib */; };
		849FF19F19862290008BFBA3 /* SchoolNewsDataSourceAndDelegate.m in Sources */ = {isa = PBXBuildFile; fileRef = 849FF19E19862290008BFBA3 /* SchoolNewsDataSourceAndDelegate.m */; };
		849FF1A419862704008BFBA3 /* SchoolNewsTableViewCell.m in Sources */ = {isa = PBXBuildFile; fileRef = 849FF1A219862704008BFBA3 /* SchoolNewsTableViewCell.m */; };
		849FF1A519862704008BFBA3 /* SchoolNewsTableViewCell.xib in Resources */ = {isa = PBXBuildFile; fileRef = 849FF1A319862704008BFBA3 /* SchoolNewsTableViewCell.xib */; };
		849FF23519824A1300E7C23A /* WebSeviceSopaRequest.m in Sources */ = {isa = PBXBuildFile; fileRef = 849FF23419824A1300E7C23A /* WebSeviceSopaRequest.m */; };
		849FF2381982577700E7C23A /* checkbox_false.png in Resources */ = {isa = PBXBuildFile; fileRef = 849FF2361982577700E7C23A /* checkbox_false.png */; };
		849FF2391982577700E7C23A /* checkbox_true.png in Resources */ = {isa = PBXBuildFile; fileRef = 849FF2371982577700E7C23A /* checkbox_true.png */; };
		84A03293197C9B790061CF14 /* Foundation.framework in Frameworks */ = {isa = PBXBuildFile; fileRef = 84A03292197C9B790061CF14 /* Foundation.framework */; };
		84A03295197C9B790061CF14 /* CoreGraphics.framework in Frameworks */ = {isa = PBXBuildFile; fileRef = 84A03294197C9B790061CF14 /* CoreGraphics.framework */; };
		84A03297197C9B790061CF14 /* UIKit.framework in Frameworks */ = {isa = PBXBuildFile; fileRef = 84A03296197C9B790061CF14 /* UIKit.framework */; };
		84A0329D197C9B790061CF14 /* InfoPlist.strings in Resources */ = {isa = PBXBuildFile; fileRef = 84A0329B197C9B790061CF14 /* InfoPlist.strings */; };
		84A0329F197C9B790061CF14 /* main.m in Sources */ = {isa = PBXBuildFile; fileRef = 84A0329E197C9B790061CF14 /* main.m */; };
		84A032A3197C9B790061CF14 /* ZHXYAppDelegate.m in Sources */ = {isa = PBXBuildFile; fileRef = 84A032A2197C9B790061CF14 /* ZHXYAppDelegate.m */; };
		84A032A6197C9B790061CF14 /* Main.storyboard in Resources */ = {isa = PBXBuildFile; fileRef = 84A032A4197C9B790061CF14 /* Main.storyboard */; };
		84A032AB197C9B790061CF14 /* Images.xcassets in Resources */ = {isa = PBXBuildFile; fileRef = 84A032AA197C9B790061CF14 /* Images.xcassets */; };
		84A032B2197C9B790061CF14 /* XCTest.framework in Frameworks */ = {isa = PBXBuildFile; fileRef = 84A032B1197C9B790061CF14 /* XCTest.framework */; };
		84A032B3197C9B790061CF14 /* Foundation.framework in Frameworks */ = {isa = PBXBuildFile; fileRef = 84A03292197C9B790061CF14 /* Foundation.framework */; };
		84A032B4197C9B790061CF14 /* UIKit.framework in Frameworks */ = {isa = PBXBuildFile; fileRef = 84A03296197C9B790061CF14 /* UIKit.framework */; };
		84A032BC197C9B790061CF14 /* InfoPlist.strings in Resources */ = {isa = PBXBuildFile; fileRef = 84A032BA197C9B790061CF14 /* InfoPlist.strings */; };
		84A032BE197C9B790061CF14 /* ____Tests.m in Sources */ = {isa = PBXBuildFile; fileRef = 84A032BD197C9B790061CF14 /* ____Tests.m */; };
		84A032CA197C9C0F0061CF14 /* ZHXYUserLogViewController.m in Sources */ = {isa = PBXBuildFile; fileRef = 84A032C8197C9C0F0061CF14 /* ZHXYUserLogViewController.m */; };
		84A032CB197C9C0F0061CF14 /* ZHXYUserLogViewController.xib in Resources */ = {isa = PBXBuildFile; fileRef = 84A032C9197C9C0F0061CF14 /* ZHXYUserLogViewController.xib */; };
		84A032CF197CA0560061CF14 /* checkbox1_unchecked@2x.png in Resources */ = {isa = PBXBuildFile; fileRef = 84A032CE197CA0560061CF14 /* checkbox1_unchecked@2x.png */; };
		84A032D1197CA05B0061CF14 /* checkbox1_checked@2x.png in Resources */ = {isa = PBXBuildFile; fileRef = 84A032D0197CA05B0061CF14 /* checkbox1_checked@2x.png */; };
		84A032D3197CA4150061CF14 /* checkbox1_unchecked.png in Resources */ = {isa = PBXBuildFile; fileRef = 84A032D2197CA4150061CF14 /* checkbox1_unchecked.png */; };
		84A032E8197CA9670061CF14 /* AFHTTPRequestOperation.m in Sources */ = {isa = PBXBuildFile; fileRef = 84A032D6197CA9670061CF14 /* AFHTTPRequestOperation.m */; };
		84A032E9197CA9670061CF14 /* AFHTTPRequestOperationManager.m in Sources */ = {isa = PBXBuildFile; fileRef = 84A032D8197CA9670061CF14 /* AFHTTPRequestOperationManager.m */; };
		84A032EA197CA9670061CF14 /* AFHTTPSessionManager.m in Sources */ = {isa = PBXBuildFile; fileRef = 84A032DA197CA9670061CF14 /* AFHTTPSessionManager.m */; };
		84A032EB197CA9670061CF14 /* AFNetworkReachabilityManager.m in Sources */ = {isa = PBXBuildFile; fileRef = 84A032DD197CA9670061CF14 /* AFNetworkReachabilityManager.m */; };
		84A032EC197CA9670061CF14 /* AFSecurityPolicy.m in Sources */ = {isa = PBXBuildFile; fileRef = 84A032DF197CA9670061CF14 /* AFSecurityPolicy.m */; };
		84A032ED197CA9670061CF14 /* AFURLConnectionOperation.m in Sources */ = {isa = PBXBuildFile; fileRef = 84A032E1197CA9670061CF14 /* AFURLConnectionOperation.m */; };
		84A032EE197CA9670061CF14 /* AFURLRequestSerialization.m in Sources */ = {isa = PBXBuildFile; fileRef = 84A032E3197CA9670061CF14 /* AFURLRequestSerialization.m */; };
		84A032EF197CA9670061CF14 /* AFURLResponseSerialization.m in Sources */ = {isa = PBXBuildFile; fileRef = 84A032E5197CA9670061CF14 /* AFURLResponseSerialization.m */; };
		84A032F0197CA9670061CF14 /* AFURLSessionManager.m in Sources */ = {isa = PBXBuildFile; fileRef = 84A032E7197CA9670061CF14 /* AFURLSessionManager.m */; };
		84A03303197CA97F0061CF14 /* AFNetworkActivityIndicatorManager.m in Sources */ = {isa = PBXBuildFile; fileRef = 84A032F3197CA97F0061CF14 /* AFNetworkActivityIndicatorManager.m */; };
		84A03304197CA97F0061CF14 /* UIActivityIndicatorView+AFNetworking.m in Sources */ = {isa = PBXBuildFile; fileRef = 84A032F5197CA97F0061CF14 /* UIActivityIndicatorView+AFNetworking.m */; };
		84A03305197CA97F0061CF14 /* UIAlertView+AFNetworking.m in Sources */ = {isa = PBXBuildFile; fileRef = 84A032F7197CA97F0061CF14 /* UIAlertView+AFNetworking.m */; };
		84A03306197CA97F0061CF14 /* UIButton+AFNetworking.m in Sources */ = {isa = PBXBuildFile; fileRef = 84A032F9197CA97F0061CF14 /* UIButton+AFNetworking.m */; };
		84A03307197CA97F0061CF14 /* UIImageView+AFNetworking.m in Sources */ = {isa = PBXBuildFile; fileRef = 84A032FB197CA97F0061CF14 /* UIImageView+AFNetworking.m */; };
		84A03308197CA97F0061CF14 /* UIProgressView+AFNetworking.m in Sources */ = {isa = PBXBuildFile; fileRef = 84A032FE197CA97F0061CF14 /* UIProgressView+AFNetworking.m */; };
		84A03309197CA97F0061CF14 /* UIRefreshControl+AFNetworking.m in Sources */ = {isa = PBXBuildFile; fileRef = 84A03300197CA97F0061CF14 /* UIRefreshControl+AFNetworking.m */; };
		84A0330A197CA97F0061CF14 /* UIWebView+AFNetworking.m in Sources */ = {isa = PBXBuildFile; fileRef = 84A03302197CA97F0061CF14 /* UIWebView+AFNetworking.m */; };
		84A0330E197CA9F60061CF14 /* ZHXYSelectClassViewController.m in Sources */ = {isa = PBXBuildFile; fileRef = 84A0330C197CA9F60061CF14 /* ZHXYSelectClassViewController.m */; };
		84A0330F197CA9F60061CF14 /* ZHXYSelectClassViewController.xib in Resources */ = {isa = PBXBuildFile; fileRef = 84A0330D197CA9F60061CF14 /* ZHXYSelectClassViewController.xib */; };
		84A03317197CCC5F0061CF14 /* ZHXYHomePageTabBarController.m in Sources */ = {isa = PBXBuildFile; fileRef = 84A03315197CCC5F0061CF14 /* ZHXYHomePageTabBarController.m */; };
		84A03318197CCC5F0061CF14 /* ZHXYHomePageTabBarController.xib in Resources */ = {isa = PBXBuildFile; fileRef = 84A03316197CCC5F0061CF14 /* ZHXYHomePageTabBarController.xib */; };
		84A03323197CEC000061CF14 /* ZHXYeSquareViewController.m in Sources */ = {isa = PBXBuildFile; fileRef = 84A03321197CEC000061CF14 /* ZHXYeSquareViewController.m */; };
		84A03324197CEC000061CF14 /* ZHXYeSquareViewController.xib in Resources */ = {isa = PBXBuildFile; fileRef = 84A03322197CEC000061CF14 /* ZHXYeSquareViewController.xib */; };
		84A03330197CECC70061CF14 /* ZHXYCloudLibraryViewController.m in Sources */ = {isa = PBXBuildFile; fileRef = 84A0332E197CECC70061CF14 /* ZHXYCloudLibraryViewController.m */; };
		84A03331197CECC70061CF14 /* ZHXYCloudLibraryViewController.xib in Resources */ = {isa = PBXBuildFile; fileRef = 84A0332F197CECC70061CF14 /* ZHXYCloudLibraryViewController.xib */; };
		84A0333B197CFAEF0061CF14 /* ZHXYEducationCenterViewController.m in Sources */ = {isa = PBXBuildFile; fileRef = 84A03339197CFAEF0061CF14 /* ZHXYEducationCenterViewController.m */; };
		84A0333C197CFAEF0061CF14 /* ZHXYEducationCenterViewController.xib in Resources */ = {isa = PBXBuildFile; fileRef = 84A0333A197CFAEF0061CF14 /* ZHXYEducationCenterViewController.xib */; };
		84A19A991980B13A00C2CA91 /* insertTableViewCell.m in Sources */ = {isa = PBXBuildFile; fileRef = 84A19A971980B13A00C2CA91 /* insertTableViewCell.m */; };
		84A19A9A1980B13A00C2CA91 /* insertTableViewCell.xib in Resources */ = {isa = PBXBuildFile; fileRef = 84A19A981980B13A00C2CA91 /* insertTableViewCell.xib */; };
		84A19AB21980D51500C2CA91 /* pageControlTableViewCell.m in Sources */ = {isa = PBXBuildFile; fileRef = 84A19AB01980D51500C2CA91 /* pageControlTableViewCell.m */; };
		84A19AB31980D51500C2CA91 /* pageControlTableViewCell.xib in Resources */ = {isa = PBXBuildFile; fileRef = 84A19AB11980D51500C2CA91 /* pageControlTableViewCell.xib */; };
		84A19ABB1980DE2100C2CA91 /* HomeWorkCell.m in Sources */ = {isa = PBXBuildFile; fileRef = 84A19AB91980DE2100C2CA91 /* HomeWorkCell.m */; };
		84A19ABC1980DE2100C2CA91 /* HomeWorkCell.xib in Resources */ = {isa = PBXBuildFile; fileRef = 84A19ABA1980DE2100C2CA91 /* HomeWorkCell.xib */; };
		84A19AC01980E9DB00C2CA91 /* ScheduleCell.m in Sources */ = {isa = PBXBuildFile; fileRef = 84A19ABE1980E9DB00C2CA91 /* ScheduleCell.m */; };
		84A19AC11980E9DB00C2CA91 /* ScheduleCell.xib in Resources */ = {isa = PBXBuildFile; fileRef = 84A19ABF1980E9DB00C2CA91 /* ScheduleCell.xib */; };
		84A19AC61980F3CB00C2CA91 /* DataSourceAndDelegate.m in Sources */ = {isa = PBXBuildFile; fileRef = 84A19AC51980F3CB00C2CA91 /* DataSourceAndDelegate.m */; };
/* End PBXBuildFile section */

/* Begin PBXContainerItemProxy section */
		84A032B5197C9B790061CF14 /* PBXContainerItemProxy */ = {
			isa = PBXContainerItemProxy;
			containerPortal = 84A03287197C9B790061CF14 /* Project object */;
			proxyType = 1;
			remoteGlobalIDString = 84A0328E197C9B790061CF14;
			remoteInfo = "智慧校园";
		};
/* End PBXContainerItemProxy section */

/* Begin PBXFileReference section */
		2CA9012719847FCB00935045 /* ZHXYHomeTableViewController.h */ = {isa = PBXFileReference; fileEncoding = 4; lastKnownFileType = sourcecode.c.h; path = ZHXYHomeTableViewController.h; sourceTree = "<group>"; };
		2CA9012819847FCB00935045 /* ZHXYHomeTableViewController.m */ = {isa = PBXFileReference; fileEncoding = 4; lastKnownFileType = sourcecode.c.objc; path = ZHXYHomeTableViewController.m; sourceTree = "<group>"; };
		2CA9012919847FCB00935045 /* ZHXYHomeTableViewController.xib */ = {isa = PBXFileReference; fileEncoding = 4; lastKnownFileType = file.xib; path = ZHXYHomeTableViewController.xib; sourceTree = "<group>"; };
		844197C0197E2EFC00D08337 /* HDScrollview.h */ = {isa = PBXFileReference; fileEncoding = 4; lastKnownFileType = sourcecode.c.h; path = HDScrollview.h; sourceTree = "<group>"; };
		844197C1197E2EFC00D08337 /* HDScrollview.m */ = {isa = PBXFileReference; fileEncoding = 4; lastKnownFileType = sourcecode.c.objc; path = HDScrollview.m; sourceTree = "<group>"; };
		844197C2197E2EFC00D08337 /* HdPageControl.h */ = {isa = PBXFileReference; fileEncoding = 4; lastKnownFileType = sourcecode.c.h; path = HdPageControl.h; sourceTree = "<group>"; };
		844197C3197E2EFC00D08337 /* HdPageControl.m */ = {isa = PBXFileReference; fileEncoding = 4; lastKnownFileType = sourcecode.c.objc; path = HdPageControl.m; sourceTree = "<group>"; };
		844197CE197E47B300D08337 /* ZHXYShowDetailContentViewController.h */ = {isa = PBXFileReference; fileEncoding = 4; lastKnownFileType = sourcecode.c.h; path = ZHXYShowDetailContentViewController.h; sourceTree = "<group>"; };
		844197CF197E47B300D08337 /* ZHXYShowDetailContentViewController.m */ = {isa = PBXFileReference; fileEncoding = 4; lastKnownFileType = sourcecode.c.objc; path = ZHXYShowDetailContentViewController.m; sourceTree = "<group>"; };
		844197D0197E47B300D08337 /* ZHXYShowDetailContentViewController.xib */ = {isa = PBXFileReference; fileEncoding = 4; lastKnownFileType = file.xib; path = ZHXYShowDetailContentViewController.xib; sourceTree = "<group>"; };
		844197D3197E5E8500D08337 /* Expression_1@2x.png */ = {isa = PBXFileReference; lastKnownFileType = image.png; path = "Expression_1@2x.png"; sourceTree = "<group>"; };
		844197D4197E5E8500D08337 /* Expression_2@2x.png */ = {isa = PBXFileReference; lastKnownFileType = image.png; path = "Expression_2@2x.png"; sourceTree = "<group>"; };
		844197D5197E5E8500D08337 /* Expression_3@2x.png */ = {isa = PBXFileReference; lastKnownFileType = image.png; path = "Expression_3@2x.png"; sourceTree = "<group>"; };
		844197D6197E5E8500D08337 /* Expression_4@2x.png */ = {isa = PBXFileReference; lastKnownFileType = image.png; path = "Expression_4@2x.png"; sourceTree = "<group>"; };
		849FF18619861CE1008BFBA3 /* ZHXYSchoolNewsViewController.h */ = {isa = PBXFileReference; fileEncoding = 4; lastKnownFileType = sourcecode.c.h; path = ZHXYSchoolNewsViewController.h; sourceTree = "<group>"; };
		849FF18719861CE1008BFBA3 /* ZHXYSchoolNewsViewController.m */ = {isa = PBXFileReference; fileEncoding = 4; lastKnownFileType = sourcecode.c.objc; path = ZHXYSchoolNewsViewController.m; sourceTree = "<group>"; };
		849FF18819861CE1008BFBA3 /* ZHXYSchoolNewsViewController.xib */ = {isa = PBXFileReference; fileEncoding = 4; lastKnownFileType = file.xib; path = ZHXYSchoolNewsViewController.xib; sourceTree = "<group>"; };
		849FF18E19861F1C008BFBA3 /* ZHXYCampusActivitiesViewController.h */ = {isa = PBXFileReference; fileEncoding = 4; lastKnownFileType = sourcecode.c.h; path = ZHXYCampusActivitiesViewController.h; sourceTree = "<group>"; };
		849FF18F19861F1C008BFBA3 /* ZHXYCampusActivitiesViewController.m */ = {isa = PBXFileReference; fileEncoding = 4; lastKnownFileType = sourcecode.c.objc; path = ZHXYCampusActivitiesViewController.m; sourceTree = "<group>"; };
		849FF19019861F1C008BFBA3 /* ZHXYCampusActivitiesViewController.xib */ = {isa = PBXFileReference; fileEncoding = 4; lastKnownFileType = file.xib; path = ZHXYCampusActivitiesViewController.xib; sourceTree = "<group>"; };
		849FF19319861F42008BFBA3 /* ZHXYClassDynamicsViewController.h */ = {isa = PBXFileReference; fileEncoding = 4; lastKnownFileType = sourcecode.c.h; path = ZHXYClassDynamicsViewController.h; sourceTree = "<group>"; };
		849FF19419861F42008BFBA3 /* ZHXYClassDynamicsViewController.m */ = {isa = PBXFileReference; fileEncoding = 4; lastKnownFileType = sourcecode.c.objc; path = ZHXYClassDynamicsViewController.m; sourceTree = "<group>"; };
		849FF19519861F42008BFBA3 /* ZHXYClassDynamicsViewController.xib */ = {isa = PBXFileReference; fileEncoding = 4; lastKnownFileType = file.xib; path = ZHXYClassDynamicsViewController.xib; sourceTree = "<group>"; };
		849FF19D19862290008BFBA3 /* SchoolNewsDataSourceAndDelegate.h */ = {isa = PBXFileReference; fileEncoding = 4; lastKnownFileType = sourcecode.c.h; path = SchoolNewsDataSourceAndDelegate.h; sourceTree = "<group>"; };
		849FF19E19862290008BFBA3 /* SchoolNewsDataSourceAndDelegate.m */ = {isa = PBXFileReference; fileEncoding = 4; lastKnownFileType = sourcecode.c.objc; path = SchoolNewsDataSourceAndDelegate.m; sourceTree = "<group>"; };
		849FF1A119862704008BFBA3 /* SchoolNewsTableViewCell.h */ = {isa = PBXFileReference; fileEncoding = 4; lastKnownFileType = sourcecode.c.h; path = SchoolNewsTableViewCell.h; sourceTree = "<group>"; };
		849FF1A219862704008BFBA3 /* SchoolNewsTableViewCell.m */ = {isa = PBXFileReference; fileEncoding = 4; lastKnownFileType = sourcecode.c.objc; path = SchoolNewsTableViewCell.m; sourceTree = "<group>"; };
		849FF1A319862704008BFBA3 /* SchoolNewsTableViewCell.xib */ = {isa = PBXFileReference; fileEncoding = 4; lastKnownFileType = file.xib; path = SchoolNewsTableViewCell.xib; sourceTree = "<group>"; };
		849FF23319824A1300E7C23A /* WebSeviceSopaRequest.h */ = {isa = PBXFileReference; fileEncoding = 4; lastKnownFileType = sourcecode.c.h; path = WebSeviceSopaRequest.h; sourceTree = "<group>"; };
		849FF23419824A1300E7C23A /* WebSeviceSopaRequest.m */ = {isa = PBXFileReference; fileEncoding = 4; lastKnownFileType = sourcecode.c.objc; path = WebSeviceSopaRequest.m; sourceTree = "<group>"; };
		849FF2361982577700E7C23A /* checkbox_false.png */ = {isa = PBXFileReference; lastKnownFileType = image.png; path = checkbox_false.png; sourceTree = "<group>"; };
		849FF2371982577700E7C23A /* checkbox_true.png */ = {isa = PBXFileReference; lastKnownFileType = image.png; path = checkbox_true.png; sourceTree = "<group>"; };
		84A0328F197C9B790061CF14 /* 智慧校园.app */ = {isa = PBXFileReference; explicitFileType = wrapper.application; includeInIndex = 0; path = "智慧校园.app"; sourceTree = BUILT_PRODUCTS_DIR; };
		84A03292197C9B790061CF14 /* Foundation.framework */ = {isa = PBXFileReference; lastKnownFileType = wrapper.framework; name = Foundation.framework; path = System/Library/Frameworks/Foundation.framework; sourceTree = SDKROOT; };
		84A03294197C9B790061CF14 /* CoreGraphics.framework */ = {isa = PBXFileReference; lastKnownFileType = wrapper.framework; name = CoreGraphics.framework; path = System/Library/Frameworks/CoreGraphics.framework; sourceTree = SDKROOT; };
		84A03296197C9B790061CF14 /* UIKit.framework */ = {isa = PBXFileReference; lastKnownFileType = wrapper.framework; name = UIKit.framework; path = System/Library/Frameworks/UIKit.framework; sourceTree = SDKROOT; };
		84A0329A197C9B790061CF14 /* 智慧校园-Info.plist */ = {isa = PBXFileReference; lastKnownFileType = text.plist.xml; path = "智慧校园-Info.plist"; sourceTree = "<group>"; };
		84A0329C197C9B790061CF14 /* en */ = {isa = PBXFileReference; lastKnownFileType = text.plist.strings; name = en; path = en.lproj/InfoPlist.strings; sourceTree = "<group>"; };
		84A0329E197C9B790061CF14 /* main.m */ = {isa = PBXFileReference; lastKnownFileType = sourcecode.c.objc; path = main.m; sourceTree = "<group>"; };
		84A032A0197C9B790061CF14 /* 智慧校园-Prefix.pch */ = {isa = PBXFileReference; lastKnownFileType = sourcecode.c.h; path = "智慧校园-Prefix.pch"; sourceTree = "<group>"; };
		84A032A1197C9B790061CF14 /* ZHXYAppDelegate.h */ = {isa = PBXFileReference; lastKnownFileType = sourcecode.c.h; path = ZHXYAppDelegate.h; sourceTree = "<group>"; };
		84A032A2197C9B790061CF14 /* ZHXYAppDelegate.m */ = {isa = PBXFileReference; lastKnownFileType = sourcecode.c.objc; path = ZHXYAppDelegate.m; sourceTree = "<group>"; };
		84A032A5197C9B790061CF14 /* Base */ = {isa = PBXFileReference; lastKnownFileType = file.storyboard; name = Base; path = Base.lproj/Main.storyboard; sourceTree = "<group>"; };
		84A032AA197C9B790061CF14 /* Images.xcassets */ = {isa = PBXFileReference; lastKnownFileType = folder.assetcatalog; path = Images.xcassets; sourceTree = "<group>"; };
		84A032B0197C9B790061CF14 /* 智慧校园Tests.xctest */ = {isa = PBXFileReference; explicitFileType = wrapper.cfbundle; includeInIndex = 0; path = "智慧校园Tests.xctest"; sourceTree = BUILT_PRODUCTS_DIR; };
		84A032B1197C9B790061CF14 /* XCTest.framework */ = {isa = PBXFileReference; lastKnownFileType = wrapper.framework; name = XCTest.framework; path = Library/Frameworks/XCTest.framework; sourceTree = DEVELOPER_DIR; };
		84A032B9197C9B790061CF14 /* 智慧校园Tests-Info.plist */ = {isa = PBXFileReference; lastKnownFileType = text.plist.xml; path = "智慧校园Tests-Info.plist"; sourceTree = "<group>"; };
		84A032BB197C9B790061CF14 /* en */ = {isa = PBXFileReference; lastKnownFileType = text.plist.strings; name = en; path = en.lproj/InfoPlist.strings; sourceTree = "<group>"; };
		84A032BD197C9B790061CF14 /* ____Tests.m */ = {isa = PBXFileReference; lastKnownFileType = sourcecode.c.objc; path = "____Tests.m"; sourceTree = "<group>"; };
		84A032C7197C9C0F0061CF14 /* ZHXYUserLogViewController.h */ = {isa = PBXFileReference; fileEncoding = 4; lastKnownFileType = sourcecode.c.h; path = ZHXYUserLogViewController.h; sourceTree = "<group>"; };
		84A032C8197C9C0F0061CF14 /* ZHXYUserLogViewController.m */ = {isa = PBXFileReference; fileEncoding = 4; lastKnownFileType = sourcecode.c.objc; path = ZHXYUserLogViewController.m; sourceTree = "<group>"; };
		84A032C9197C9C0F0061CF14 /* ZHXYUserLogViewController.xib */ = {isa = PBXFileReference; fileEncoding = 4; lastKnownFileType = file.xib; path = ZHXYUserLogViewController.xib; sourceTree = "<group>"; };
		84A032CE197CA0560061CF14 /* checkbox1_unchecked@2x.png */ = {isa = PBXFileReference; lastKnownFileType = image.png; path = "checkbox1_unchecked@2x.png"; sourceTree = "<group>"; };
		84A032D0197CA05B0061CF14 /* checkbox1_checked@2x.png */ = {isa = PBXFileReference; lastKnownFileType = image.png; path = "checkbox1_checked@2x.png"; sourceTree = "<group>"; };
		84A032D2197CA4150061CF14 /* checkbox1_unchecked.png */ = {isa = PBXFileReference; lastKnownFileType = image.png; path = checkbox1_unchecked.png; sourceTree = "<group>"; };
		84A032D5197CA9670061CF14 /* AFHTTPRequestOperation.h */ = {isa = PBXFileReference; fileEncoding = 4; lastKnownFileType = sourcecode.c.h; path = AFHTTPRequestOperation.h; sourceTree = "<group>"; };
		84A032D6197CA9670061CF14 /* AFHTTPRequestOperation.m */ = {isa = PBXFileReference; fileEncoding = 4; lastKnownFileType = sourcecode.c.objc; path = AFHTTPRequestOperation.m; sourceTree = "<group>"; };
		84A032D7197CA9670061CF14 /* AFHTTPRequestOperationManager.h */ = {isa = PBXFileReference; fileEncoding = 4; lastKnownFileType = sourcecode.c.h; path = AFHTTPRequestOperationManager.h; sourceTree = "<group>"; };
		84A032D8197CA9670061CF14 /* AFHTTPRequestOperationManager.m */ = {isa = PBXFileReference; fileEncoding = 4; lastKnownFileType = sourcecode.c.objc; path = AFHTTPRequestOperationManager.m; sourceTree = "<group>"; };
		84A032D9197CA9670061CF14 /* AFHTTPSessionManager.h */ = {isa = PBXFileReference; fileEncoding = 4; lastKnownFileType = sourcecode.c.h; path = AFHTTPSessionManager.h; sourceTree = "<group>"; };
		84A032DA197CA9670061CF14 /* AFHTTPSessionManager.m */ = {isa = PBXFileReference; fileEncoding = 4; lastKnownFileType = sourcecode.c.objc; path = AFHTTPSessionManager.m; sourceTree = "<group>"; };
		84A032DB197CA9670061CF14 /* AFNetworking.h */ = {isa = PBXFileReference; fileEncoding = 4; lastKnownFileType = sourcecode.c.h; path = AFNetworking.h; sourceTree = "<group>"; };
		84A032DC197CA9670061CF14 /* AFNetworkReachabilityManager.h */ = {isa = PBXFileReference; fileEncoding = 4; lastKnownFileType = sourcecode.c.h; path = AFNetworkReachabilityManager.h; sourceTree = "<group>"; };
		84A032DD197CA9670061CF14 /* AFNetworkReachabilityManager.m */ = {isa = PBXFileReference; fileEncoding = 4; lastKnownFileType = sourcecode.c.objc; path = AFNetworkReachabilityManager.m; sourceTree = "<group>"; };
		84A032DE197CA9670061CF14 /* AFSecurityPolicy.h */ = {isa = PBXFileReference; fileEncoding = 4; lastKnownFileType = sourcecode.c.h; path = AFSecurityPolicy.h; sourceTree = "<group>"; };
		84A032DF197CA9670061CF14 /* AFSecurityPolicy.m */ = {isa = PBXFileReference; fileEncoding = 4; lastKnownFileType = sourcecode.c.objc; path = AFSecurityPolicy.m; sourceTree = "<group>"; };
		84A032E0197CA9670061CF14 /* AFURLConnectionOperation.h */ = {isa = PBXFileReference; fileEncoding = 4; lastKnownFileType = sourcecode.c.h; path = AFURLConnectionOperation.h; sourceTree = "<group>"; };
		84A032E1197CA9670061CF14 /* AFURLConnectionOperation.m */ = {isa = PBXFileReference; fileEncoding = 4; lastKnownFileType = sourcecode.c.objc; path = AFURLConnectionOperation.m; sourceTree = "<group>"; };
		84A032E2197CA9670061CF14 /* AFURLRequestSerialization.h */ = {isa = PBXFileReference; fileEncoding = 4; lastKnownFileType = sourcecode.c.h; path = AFURLRequestSerialization.h; sourceTree = "<group>"; };
		84A032E3197CA9670061CF14 /* AFURLRequestSerialization.m */ = {isa = PBXFileReference; fileEncoding = 4; lastKnownFileType = sourcecode.c.objc; path = AFURLRequestSerialization.m; sourceTree = "<group>"; };
		84A032E4197CA9670061CF14 /* AFURLResponseSerialization.h */ = {isa = PBXFileReference; fileEncoding = 4; lastKnownFileType = sourcecode.c.h; path = AFURLResponseSerialization.h; sourceTree = "<group>"; };
		84A032E5197CA9670061CF14 /* AFURLResponseSerialization.m */ = {isa = PBXFileReference; fileEncoding = 4; lastKnownFileType = sourcecode.c.objc; path = AFURLResponseSerialization.m; sourceTree = "<group>"; };
		84A032E6197CA9670061CF14 /* AFURLSessionManager.h */ = {isa = PBXFileReference; fileEncoding = 4; lastKnownFileType = sourcecode.c.h; path = AFURLSessionManager.h; sourceTree = "<group>"; };
		84A032E7197CA9670061CF14 /* AFURLSessionManager.m */ = {isa = PBXFileReference; fileEncoding = 4; lastKnownFileType = sourcecode.c.objc; path = AFURLSessionManager.m; sourceTree = "<group>"; };
		84A032F2197CA97F0061CF14 /* AFNetworkActivityIndicatorManager.h */ = {isa = PBXFileReference; fileEncoding = 4; lastKnownFileType = sourcecode.c.h; path = AFNetworkActivityIndicatorManager.h; sourceTree = "<group>"; };
		84A032F3197CA97F0061CF14 /* AFNetworkActivityIndicatorManager.m */ = {isa = PBXFileReference; fileEncoding = 4; lastKnownFileType = sourcecode.c.objc; path = AFNetworkActivityIndicatorManager.m; sourceTree = "<group>"; };
		84A032F4197CA97F0061CF14 /* UIActivityIndicatorView+AFNetworking.h */ = {isa = PBXFileReference; fileEncoding = 4; lastKnownFileType = sourcecode.c.h; path = "UIActivityIndicatorView+AFNetworking.h"; sourceTree = "<group>"; };
		84A032F5197CA97F0061CF14 /* UIActivityIndicatorView+AFNetworking.m */ = {isa = PBXFileReference; fileEncoding = 4; lastKnownFileType = sourcecode.c.objc; path = "UIActivityIndicatorView+AFNetworking.m"; sourceTree = "<group>"; };
		84A032F6197CA97F0061CF14 /* UIAlertView+AFNetworking.h */ = {isa = PBXFileReference; fileEncoding = 4; lastKnownFileType = sourcecode.c.h; path = "UIAlertView+AFNetworking.h"; sourceTree = "<group>"; };
		84A032F7197CA97F0061CF14 /* UIAlertView+AFNetworking.m */ = {isa = PBXFileReference; fileEncoding = 4; lastKnownFileType = sourcecode.c.objc; path = "UIAlertView+AFNetworking.m"; sourceTree = "<group>"; };
		84A032F8197CA97F0061CF14 /* UIButton+AFNetworking.h */ = {isa = PBXFileReference; fileEncoding = 4; lastKnownFileType = sourcecode.c.h; path = "UIButton+AFNetworking.h"; sourceTree = "<group>"; };
		84A032F9197CA97F0061CF14 /* UIButton+AFNetworking.m */ = {isa = PBXFileReference; fileEncoding = 4; lastKnownFileType = sourcecode.c.objc; path = "UIButton+AFNetworking.m"; sourceTree = "<group>"; };
		84A032FA197CA97F0061CF14 /* UIImageView+AFNetworking.h */ = {isa = PBXFileReference; fileEncoding = 4; lastKnownFileType = sourcecode.c.h; path = "UIImageView+AFNetworking.h"; sourceTree = "<group>"; };
		84A032FB197CA97F0061CF14 /* UIImageView+AFNetworking.m */ = {isa = PBXFileReference; fileEncoding = 4; lastKnownFileType = sourcecode.c.objc; path = "UIImageView+AFNetworking.m"; sourceTree = "<group>"; };
		84A032FC197CA97F0061CF14 /* UIKit+AFNetworking.h */ = {isa = PBXFileReference; fileEncoding = 4; lastKnownFileType = sourcecode.c.h; path = "UIKit+AFNetworking.h"; sourceTree = "<group>"; };
		84A032FD197CA97F0061CF14 /* UIProgressView+AFNetworking.h */ = {isa = PBXFileReference; fileEncoding = 4; lastKnownFileType = sourcecode.c.h; path = "UIProgressView+AFNetworking.h"; sourceTree = "<group>"; };
		84A032FE197CA97F0061CF14 /* UIProgressView+AFNetworking.m */ = {isa = PBXFileReference; fileEncoding = 4; lastKnownFileType = sourcecode.c.objc; path = "UIProgressView+AFNetworking.m"; sourceTree = "<group>"; };
		84A032FF197CA97F0061CF14 /* UIRefreshControl+AFNetworking.h */ = {isa = PBXFileReference; fileEncoding = 4; lastKnownFileType = sourcecode.c.h; path = "UIRefreshControl+AFNetworking.h"; sourceTree = "<group>"; };
		84A03300197CA97F0061CF14 /* UIRefreshControl+AFNetworking.m */ = {isa = PBXFileReference; fileEncoding = 4; lastKnownFileType = sourcecode.c.objc; path = "UIRefreshControl+AFNetworking.m"; sourceTree = "<group>"; };
		84A03301197CA97F0061CF14 /* UIWebView+AFNetworking.h */ = {isa = PBXFileReference; fileEncoding = 4; lastKnownFileType = sourcecode.c.h; path = "UIWebView+AFNetworking.h"; sourceTree = "<group>"; };
		84A03302197CA97F0061CF14 /* UIWebView+AFNetworking.m */ = {isa = PBXFileReference; fileEncoding = 4; lastKnownFileType = sourcecode.c.objc; path = "UIWebView+AFNetworking.m"; sourceTree = "<group>"; };
		84A0330B197CA9F60061CF14 /* ZHXYSelectClassViewController.h */ = {isa = PBXFileReference; fileEncoding = 4; lastKnownFileType = sourcecode.c.h; path = ZHXYSelectClassViewController.h; sourceTree = "<group>"; };
		84A0330C197CA9F60061CF14 /* ZHXYSelectClassViewController.m */ = {isa = PBXFileReference; fileEncoding = 4; lastKnownFileType = sourcecode.c.objc; path = ZHXYSelectClassViewController.m; sourceTree = "<group>"; };
		84A0330D197CA9F60061CF14 /* ZHXYSelectClassViewController.xib */ = {isa = PBXFileReference; fileEncoding = 4; lastKnownFileType = file.xib; path = ZHXYSelectClassViewController.xib; sourceTree = "<group>"; };
		84A03314197CCC5F0061CF14 /* ZHXYHomePageTabBarController.h */ = {isa = PBXFileReference; fileEncoding = 4; lastKnownFileType = sourcecode.c.h; path = ZHXYHomePageTabBarController.h; sourceTree = "<group>"; };
		84A03315197CCC5F0061CF14 /* ZHXYHomePageTabBarController.m */ = {isa = PBXFileReference; fileEncoding = 4; lastKnownFileType = sourcecode.c.objc; path = ZHXYHomePageTabBarController.m; sourceTree = "<group>"; };
		84A03316197CCC5F0061CF14 /* ZHXYHomePageTabBarController.xib */ = {isa = PBXFileReference; fileEncoding = 4; lastKnownFileType = file.xib; path = ZHXYHomePageTabBarController.xib; sourceTree = "<group>"; };
		84A03320197CEC000061CF14 /* ZHXYeSquareViewController.h */ = {isa = PBXFileReference; fileEncoding = 4; lastKnownFileType = sourcecode.c.h; path = ZHXYeSquareViewController.h; sourceTree = "<group>"; };
		84A03321197CEC000061CF14 /* ZHXYeSquareViewController.m */ = {isa = PBXFileReference; fileEncoding = 4; lastKnownFileType = sourcecode.c.objc; path = ZHXYeSquareViewController.m; sourceTree = "<group>"; };
		84A03322197CEC000061CF14 /* ZHXYeSquareViewController.xib */ = {isa = PBXFileReference; fileEncoding = 4; lastKnownFileType = file.xib; path = ZHXYeSquareViewController.xib; sourceTree = "<group>"; };
		84A0332D197CECC70061CF14 /* ZHXYCloudLibraryViewController.h */ = {isa = PBXFileReference; fileEncoding = 4; lastKnownFileType = sourcecode.c.h; path = ZHXYCloudLibraryViewController.h; sourceTree = "<group>"; };
		84A0332E197CECC70061CF14 /* ZHXYCloudLibraryViewController.m */ = {isa = PBXFileReference; fileEncoding = 4; lastKnownFileType = sourcecode.c.objc; path = ZHXYCloudLibraryViewController.m; sourceTree = "<group>"; };
		84A0332F197CECC70061CF14 /* ZHXYCloudLibraryViewController.xib */ = {isa = PBXFileReference; fileEncoding = 4; lastKnownFileType = file.xib; path = ZHXYCloudLibraryViewController.xib; sourceTree = "<group>"; };
		84A03338197CFAEF0061CF14 /* ZHXYEducationCenterViewController.h */ = {isa = PBXFileReference; fileEncoding = 4; lastKnownFileType = sourcecode.c.h; path = ZHXYEducationCenterViewController.h; sourceTree = "<group>"; };
		84A03339197CFAEF0061CF14 /* ZHXYEducationCenterViewController.m */ = {isa = PBXFileReference; fileEncoding = 4; lastKnownFileType = sourcecode.c.objc; path = ZHXYEducationCenterViewController.m; sourceTree = "<group>"; };
		84A0333A197CFAEF0061CF14 /* ZHXYEducationCenterViewController.xib */ = {isa = PBXFileReference; fileEncoding = 4; lastKnownFileType = file.xib; path = ZHXYEducationCenterViewController.xib; sourceTree = "<group>"; };
		84A19A961980B13A00C2CA91 /* insertTableViewCell.h */ = {isa = PBXFileReference; fileEncoding = 4; lastKnownFileType = sourcecode.c.h; path = insertTableViewCell.h; sourceTree = "<group>"; };
		84A19A971980B13A00C2CA91 /* insertTableViewCell.m */ = {isa = PBXFileReference; fileEncoding = 4; lastKnownFileType = sourcecode.c.objc; path = insertTableViewCell.m; sourceTree = "<group>"; };
		84A19A981980B13A00C2CA91 /* insertTableViewCell.xib */ = {isa = PBXFileReference; fileEncoding = 4; lastKnownFileType = file.xib; path = insertTableViewCell.xib; sourceTree = "<group>"; };
		84A19AAF1980D51500C2CA91 /* pageControlTableViewCell.h */ = {isa = PBXFileReference; fileEncoding = 4; lastKnownFileType = sourcecode.c.h; path = pageControlTableViewCell.h; sourceTree = "<group>"; };
		84A19AB01980D51500C2CA91 /* pageControlTableViewCell.m */ = {isa = PBXFileReference; fileEncoding = 4; lastKnownFileType = sourcecode.c.objc; path = pageControlTableViewCell.m; sourceTree = "<group>"; };
		84A19AB11980D51500C2CA91 /* pageControlTableViewCell.xib */ = {isa = PBXFileReference; fileEncoding = 4; lastKnownFileType = file.xib; path = pageControlTableViewCell.xib; sourceTree = "<group>"; };
		84A19AB81980DE2100C2CA91 /* HomeWorkCell.h */ = {isa = PBXFileReference; fileEncoding = 4; lastKnownFileType = sourcecode.c.h; path = HomeWorkCell.h; sourceTree = "<group>"; };
		84A19AB91980DE2100C2CA91 /* HomeWorkCell.m */ = {isa = PBXFileReference; fileEncoding = 4; lastKnownFileType = sourcecode.c.objc; path = HomeWorkCell.m; sourceTree = "<group>"; };
		84A19ABA1980DE2100C2CA91 /* HomeWorkCell.xib */ = {isa = PBXFileReference; fileEncoding = 4; lastKnownFileType = file.xib; path = HomeWorkCell.xib; sourceTree = "<group>"; };
		84A19ABD1980E9DB00C2CA91 /* ScheduleCell.h */ = {isa = PBXFileReference; fileEncoding = 4; lastKnownFileType = sourcecode.c.h; path = ScheduleCell.h; sourceTree = "<group>"; };
		84A19ABE1980E9DB00C2CA91 /* ScheduleCell.m */ = {isa = PBXFileReference; fileEncoding = 4; lastKnownFileType = sourcecode.c.objc; path = ScheduleCell.m; sourceTree = "<group>"; };
		84A19ABF1980E9DB00C2CA91 /* ScheduleCell.xib */ = {isa = PBXFileReference; fileEncoding = 4; lastKnownFileType = file.xib; path = ScheduleCell.xib; sourceTree = "<group>"; };
		84A19AC41980F3CB00C2CA91 /* DataSourceAndDelegate.h */ = {isa = PBXFileReference; fileEncoding = 4; lastKnownFileType = sourcecode.c.h; path = DataSourceAndDelegate.h; sourceTree = "<group>"; };
		84A19AC51980F3CB00C2CA91 /* DataSourceAndDelegate.m */ = {isa = PBXFileReference; fileEncoding = 4; lastKnownFileType = sourcecode.c.objc; path = DataSourceAndDelegate.m; sourceTree = "<group>"; };
/* End PBXFileReference section */

/* Begin PBXFrameworksBuildPhase section */
		84A0328C197C9B790061CF14 /* Frameworks */ = {
			isa = PBXFrameworksBuildPhase;
			buildActionMask = 2147483647;
			files = (
				84A03295197C9B790061CF14 /* CoreGraphics.framework in Frameworks */,
				84A03297197C9B790061CF14 /* UIKit.framework in Frameworks */,
				84A03293197C9B790061CF14 /* Foundation.framework in Frameworks */,
			);
			runOnlyForDeploymentPostprocessing = 0;
		};
		84A032AD197C9B790061CF14 /* Frameworks */ = {
			isa = PBXFrameworksBuildPhase;
			buildActionMask = 2147483647;
			files = (
				84A032B2197C9B790061CF14 /* XCTest.framework in Frameworks */,
				84A032B4197C9B790061CF14 /* UIKit.framework in Frameworks */,
				84A032B3197C9B790061CF14 /* Foundation.framework in Frameworks */,
			);
			runOnlyForDeploymentPostprocessing = 0;
		};
/* End PBXFrameworksBuildPhase section */

/* Begin PBXGroup section */
		844197BF197E2EC600D08337 /* HDScrollView */ = {
			isa = PBXGroup;
			children = (
				844197C0197E2EFC00D08337 /* HDScrollview.h */,
				844197C1197E2EFC00D08337 /* HDScrollview.m */,
				844197C2197E2EFC00D08337 /* HdPageControl.h */,
				844197C3197E2EFC00D08337 /* HdPageControl.m */,
			);
			name = HDScrollView;
			sourceTree = "<group>";
		};
		849FF1821985F8A4008BFBA3 /* HomeTable */ = {
			isa = PBXGroup;
			children = (
				2CA9012919847FCB00935045 /* ZHXYHomeTableViewController.xib */,
				2CA9012819847FCB00935045 /* ZHXYHomeTableViewController.m */,
				2CA9012719847FCB00935045 /* ZHXYHomeTableViewController.h */,
			);
			name = HomeTable;
			sourceTree = "<group>";
		};
		849FF1831985F8EE008BFBA3 /* CustomCell */ = {
			isa = PBXGroup;
			children = (
				84A19AAF1980D51500C2CA91 /* pageControlTableViewCell.h */,
				84A19AB01980D51500C2CA91 /* pageControlTableViewCell.m */,
				84A19AB11980D51500C2CA91 /* pageControlTableViewCell.xib */,
			);
			name = CustomCell;
			sourceTree = "<group>";
		};
		849FF1841985F91B008BFBA3 /* NewsContentView */ = {
			isa = PBXGroup;
			children = (
				844197D0197E47B300D08337 /* ZHXYShowDetailContentViewController.xib */,
				844197CE197E47B300D08337 /* ZHXYShowDetailContentViewController.h */,
				844197CF197E47B300D08337 /* ZHXYShowDetailContentViewController.m */,
			);
			name = NewsContentView;
			sourceTree = "<group>";
		};
		849FF1851985F981008BFBA3 /* pic */ = {
			isa = PBXGroup;
			children = (
				844197D4197E5E8500D08337 /* Expression_2@2x.png */,
				844197D5197E5E8500D08337 /* Expression_3@2x.png */,
				844197D6197E5E8500D08337 /* Expression_4@2x.png */,
				844197D3197E5E8500D08337 /* Expression_1@2x.png */,
			);
			name = pic;
			sourceTree = "<group>";
		};
		849FF18B19861DED008BFBA3 /* SchoolNews */ = {
			isa = PBXGroup;
			children = (
				849FF1A0198626BC008BFBA3 /* CustomCell */,
				849FF19919861F89008BFBA3 /* SchoolNewsViewController */,
				849FF19819861F63008BFBA3 /* SchoolNewsDelegate */,
			);
			name = SchoolNews;
			sourceTree = "<group>";
		};
		849FF18C19861E1E008BFBA3 /* ClassDynamics */ = {
			isa = PBXGroup;
			children = (
				849FF19319861F42008BFBA3 /* ZHXYClassDynamicsViewController.h */,
				849FF19419861F42008BFBA3 /* ZHXYClassDynamicsViewController.m */,
				849FF19519861F42008BFBA3 /* ZHXYClassDynamicsViewController.xib */,
			);
			name = ClassDynamics;
			sourceTree = "<group>";
		};
		849FF18D19861E60008BFBA3 /* Campus activities */ = {
			isa = PBXGroup;
			children = (
				849FF18E19861F1C008BFBA3 /* ZHXYCampusActivitiesViewController.h */,
				849FF18F19861F1C008BFBA3 /* ZHXYCampusActivitiesViewController.m */,
				849FF19019861F1C008BFBA3 /* ZHXYCampusActivitiesViewController.xib */,
			);
			name = "Campus activities";
			sourceTree = "<group>";
		};
		849FF19819861F63008BFBA3 /* SchoolNewsDelegate */ = {
			isa = PBXGroup;
			children = (
				849FF19D19862290008BFBA3 /* SchoolNewsDataSourceAndDelegate.h */,
				849FF19E19862290008BFBA3 /* SchoolNewsDataSourceAndDelegate.m */,
			);
			name = SchoolNewsDelegate;
			sourceTree = "<group>";
		};
		849FF19919861F89008BFBA3 /* SchoolNewsViewController */ = {
			isa = PBXGroup;
			children = (
				849FF18619861CE1008BFBA3 /* ZHXYSchoolNewsViewController.h */,
				849FF18719861CE1008BFBA3 /* ZHXYSchoolNewsViewController.m */,
				849FF18819861CE1008BFBA3 /* ZHXYSchoolNewsViewController.xib */,
			);
			name = SchoolNewsViewController;
			sourceTree = "<group>";
		};
		849FF1A0198626BC008BFBA3 /* CustomCell */ = {
			isa = PBXGroup;
			children = (
				849FF1A119862704008BFBA3 /* SchoolNewsTableViewCell.h */,
				849FF1A219862704008BFBA3 /* SchoolNewsTableViewCell.m */,
				849FF1A319862704008BFBA3 /* SchoolNewsTableViewCell.xib */,
			);
			name = CustomCell;
			sourceTree = "<group>";
		};
		84A03286197C9B790061CF14 = {
			isa = PBXGroup;
			children = (
				84A03298197C9B790061CF14 /* 智慧校园 */,
				84A032B7197C9B790061CF14 /* 智慧校园Tests */,
				84A03291197C9B790061CF14 /* Frameworks */,
				84A03290197C9B790061CF14 /* Products */,
			);
			sourceTree = "<group>";
		};
		84A03290197C9B790061CF14 /* Products */ = {
			isa = PBXGroup;
			children = (
				84A0328F197C9B790061CF14 /* 智慧校园.app */,
				84A032B0197C9B790061CF14 /* 智慧校园Tests.xctest */,
			);
			name = Products;
			sourceTree = "<group>";
		};
		84A03291197C9B790061CF14 /* Frameworks */ = {
			isa = PBXGroup;
			children = (
				84A032F1197CA97F0061CF14 /* UIKit+AFNetworking */,
				84A032D4197CA9670061CF14 /* AFNetworking */,
				84A03292197C9B790061CF14 /* Foundation.framework */,
				84A03294197C9B790061CF14 /* CoreGraphics.framework */,
				84A03296197C9B790061CF14 /* UIKit.framework */,
				84A032B1197C9B790061CF14 /* XCTest.framework */,
			);
			name = Frameworks;
			sourceTree = "<group>";
		};
		84A03298197C9B790061CF14 /* 智慧校园 */ = {
			isa = PBXGroup;
			children = (
				84A03332197CF6640061CF14 /* Home */,
				84A03319197CEAF90061CF14 /* SchoolInfo */,
				84A03329197CEC740061CF14 /* CloudLibrary */,
				84A03325197CEC1E0061CF14 /* EducationalCenter */,
				84A0331F197CEB5A0061CF14 /* eSquare */,
				84A03310197CC73E0061CF14 /* HomePage */,
				84A032CD197C9C5D0061CF14 /* SelectClass */,
				84A032CC197C9C4D0061CF14 /* UserLog */,
				84A032A4197C9B790061CF14 /* Main.storyboard */,
				84A032A2197C9B790061CF14 /* ZHXYAppDelegate.m */,
				84A032A1197C9B790061CF14 /* ZHXYAppDelegate.h */,
				84A032AA197C9B790061CF14 /* Images.xcassets */,
				84A03299197C9B790061CF14 /* Supporting Files */,
			);
			path = "智慧校园";
			sourceTree = "<group>";
		};
		84A03299197C9B790061CF14 /* Supporting Files */ = {
			isa = PBXGroup;
			children = (
				84A0329A197C9B790061CF14 /* 智慧校园-Info.plist */,
				84A0329B197C9B790061CF14 /* InfoPlist.strings */,
				84A0329E197C9B790061CF14 /* main.m */,
				84A032A0197C9B790061CF14 /* 智慧校园-Prefix.pch */,
			);
			name = "Supporting Files";
			sourceTree = "<group>";
		};
		84A032B7197C9B790061CF14 /* 智慧校园Tests */ = {
			isa = PBXGroup;
			children = (
				84A032BD197C9B790061CF14 /* ____Tests.m */,
				84A032B8197C9B790061CF14 /* Supporting Files */,
			);
			path = "智慧校园Tests";
			sourceTree = "<group>";
		};
		84A032B8197C9B790061CF14 /* Supporting Files */ = {
			isa = PBXGroup;
			children = (
				84A032B9197C9B790061CF14 /* 智慧校园Tests-Info.plist */,
				84A032BA197C9B790061CF14 /* InfoPlist.strings */,
			);
			name = "Supporting Files";
			sourceTree = "<group>";
		};
		84A032CC197C9C4D0061CF14 /* UserLog */ = {
			isa = PBXGroup;
			children = (
				84A032C7197C9C0F0061CF14 /* ZHXYUserLogViewController.h */,
				84A032C8197C9C0F0061CF14 /* ZHXYUserLogViewController.m */,
				849FF23319824A1300E7C23A /* WebSeviceSopaRequest.h */,
				849FF23419824A1300E7C23A /* WebSeviceSopaRequest.m */,
				84A032C9197C9C0F0061CF14 /* ZHXYUserLogViewController.xib */,
				84A032CE197CA0560061CF14 /* checkbox1_unchecked@2x.png */,
				84A032D2197CA4150061CF14 /* checkbox1_unchecked.png */,
				849FF2361982577700E7C23A /* checkbox_false.png */,
				849FF2371982577700E7C23A /* checkbox_true.png */,
				84A032D0197CA05B0061CF14 /* checkbox1_checked@2x.png */,
			);
			name = UserLog;
			sourceTree = "<group>";
		};
		84A032CD197C9C5D0061CF14 /* SelectClass */ = {
			isa = PBXGroup;
			children = (
				84A0330B197CA9F60061CF14 /* ZHXYSelectClassViewController.h */,
				84A0330C197CA9F60061CF14 /* ZHXYSelectClassViewController.m */,
				84A0330D197CA9F60061CF14 /* ZHXYSelectClassViewController.xib */,
			);
			name = SelectClass;
			sourceTree = "<group>";
		};
		84A032D4197CA9670061CF14 /* AFNetworking */ = {
			isa = PBXGroup;
			children = (
				84A032D5197CA9670061CF14 /* AFHTTPRequestOperation.h */,
				84A032D6197CA9670061CF14 /* AFHTTPRequestOperation.m */,
				84A032D7197CA9670061CF14 /* AFHTTPRequestOperationManager.h */,
				84A032D8197CA9670061CF14 /* AFHTTPRequestOperationManager.m */,
				84A032D9197CA9670061CF14 /* AFHTTPSessionManager.h */,
				84A032DA197CA9670061CF14 /* AFHTTPSessionManager.m */,
				84A032DB197CA9670061CF14 /* AFNetworking.h */,
				84A032DC197CA9670061CF14 /* AFNetworkReachabilityManager.h */,
				84A032DD197CA9670061CF14 /* AFNetworkReachabilityManager.m */,
				84A032DE197CA9670061CF14 /* AFSecurityPolicy.h */,
				84A032DF197CA9670061CF14 /* AFSecurityPolicy.m */,
				84A032E0197CA9670061CF14 /* AFURLConnectionOperation.h */,
				84A032E1197CA9670061CF14 /* AFURLConnectionOperation.m */,
				84A032E2197CA9670061CF14 /* AFURLRequestSerialization.h */,
				84A032E3197CA9670061CF14 /* AFURLRequestSerialization.m */,
				84A032E4197CA9670061CF14 /* AFURLResponseSerialization.h */,
				84A032E5197CA9670061CF14 /* AFURLResponseSerialization.m */,
				84A032E6197CA9670061CF14 /* AFURLSessionManager.h */,
				84A032E7197CA9670061CF14 /* AFURLSessionManager.m */,
			);
			path = AFNetworking;
			sourceTree = "<group>";
		};
		84A032F1197CA97F0061CF14 /* UIKit+AFNetworking */ = {
			isa = PBXGroup;
			children = (
				84A032F2197CA97F0061CF14 /* AFNetworkActivityIndicatorManager.h */,
				84A032F3197CA97F0061CF14 /* AFNetworkActivityIndicatorManager.m */,
				84A032F4197CA97F0061CF14 /* UIActivityIndicatorView+AFNetworking.h */,
				84A032F5197CA97F0061CF14 /* UIActivityIndicatorView+AFNetworking.m */,
				84A032F6197CA97F0061CF14 /* UIAlertView+AFNetworking.h */,
				84A032F7197CA97F0061CF14 /* UIAlertView+AFNetworking.m */,
				84A032F8197CA97F0061CF14 /* UIButton+AFNetworking.h */,
				84A032F9197CA97F0061CF14 /* UIButton+AFNetworking.m */,
				84A032FA197CA97F0061CF14 /* UIImageView+AFNetworking.h */,
				84A032FB197CA97F0061CF14 /* UIImageView+AFNetworking.m */,
				84A032FC197CA97F0061CF14 /* UIKit+AFNetworking.h */,
				84A032FD197CA97F0061CF14 /* UIProgressView+AFNetworking.h */,
				84A032FE197CA97F0061CF14 /* UIProgressView+AFNetworking.m */,
				84A032FF197CA97F0061CF14 /* UIRefreshControl+AFNetworking.h */,
				84A03300197CA97F0061CF14 /* UIRefreshControl+AFNetworking.m */,
				84A03301197CA97F0061CF14 /* UIWebView+AFNetworking.h */,
				84A03302197CA97F0061CF14 /* UIWebView+AFNetworking.m */,
			);
			path = "UIKit+AFNetworking";
			sourceTree = "<group>";
		};
		84A03310197CC73E0061CF14 /* HomePage */ = {
			isa = PBXGroup;
			children = (
				84A03314197CCC5F0061CF14 /* ZHXYHomePageTabBarController.h */,
				84A03315197CCC5F0061CF14 /* ZHXYHomePageTabBarController.m */,
				84A03316197CCC5F0061CF14 /* ZHXYHomePageTabBarController.xib */,
			);
			name = HomePage;
			sourceTree = "<group>";
		};
		84A03319197CEAF90061CF14 /* SchoolInfo */ = {
			isa = PBXGroup;
			children = (
				849FF18D19861E60008BFBA3 /* Campus activities */,
				849FF18C19861E1E008BFBA3 /* ClassDynamics */,
				849FF18B19861DED008BFBA3 /* SchoolNews */,
			);
			name = SchoolInfo;
			sourceTree = "<group>";
		};
		84A0331F197CEB5A0061CF14 /* eSquare */ = {
			isa = PBXGroup;
			children = (
				84A03320197CEC000061CF14 /* ZHXYeSquareViewController.h */,
				84A03321197CEC000061CF14 /* ZHXYeSquareViewController.m */,
				84A03322197CEC000061CF14 /* ZHXYeSquareViewController.xib */,
			);
			name = eSquare;
			sourceTree = "<group>";
		};
		84A03325197CEC1E0061CF14 /* EducationalCenter */ = {
			isa = PBXGroup;
			children = (
				84A03338197CFAEF0061CF14 /* ZHXYEducationCenterViewController.h */,
				84A03339197CFAEF0061CF14 /* ZHXYEducationCenterViewController.m */,
				84A0333A197CFAEF0061CF14 /* ZHXYEducationCenterViewController.xib */,
			);
			name = EducationalCenter;
			sourceTree = "<group>";
		};
		84A03329197CEC740061CF14 /* CloudLibrary */ = {
			isa = PBXGroup;
			children = (
				84A0332D197CECC70061CF14 /* ZHXYCloudLibraryViewController.h */,
				84A0332E197CECC70061CF14 /* ZHXYCloudLibraryViewController.m */,
				84A0332F197CECC70061CF14 /* ZHXYCloudLibraryViewController.xib */,
			);
			name = CloudLibrary;
			sourceTree = "<group>";
		};
		84A03332197CF6640061CF14 /* Home */ = {
			isa = PBXGroup;
			children = (
				84A19AAB1980D30800C2CA91 /* CustomCellSection_0 */,
				84A19AAC1980D37000C2CA91 /* CustomCellSection_1 */,
				84A19AAD1980D38000C2CA91 /* CustomCellSection_2 */,
				84A19AAE1980D38B00C2CA91 /* CustomCellSection_3 */,
				849FF1821985F8A4008BFBA3 /* HomeTable */,
				849FF1851985F981008BFBA3 /* pic */,
			);
			name = Home;
			sourceTree = "<group>";
		};
		84A19AAB1980D30800C2CA91 /* CustomCellSection_0 */ = {
			isa = PBXGroup;
			children = (
				849FF1841985F91B008BFBA3 /* NewsContentView */,
				844197BF197E2EC600D08337 /* HDScrollView */,
				849FF1831985F8EE008BFBA3 /* CustomCell */,
			);
			name = CustomCellSection_0;
			sourceTree = "<group>";
		};
		84A19AAC1980D37000C2CA91 /* CustomCellSection_1 */ = {
			isa = PBXGroup;
			children = (
				84A19AB81980DE2100C2CA91 /* HomeWorkCell.h */,
				84A19AB91980DE2100C2CA91 /* HomeWorkCell.m */,
				84A19ABA1980DE2100C2CA91 /* HomeWorkCell.xib */,
			);
			name = CustomCellSection_1;
			sourceTree = "<group>";
		};
		84A19AAD1980D38000C2CA91 /* CustomCellSection_2 */ = {
			isa = PBXGroup;
			children = (
				84A19ABD1980E9DB00C2CA91 /* ScheduleCell.h */,
				84A19ABE1980E9DB00C2CA91 /* ScheduleCell.m */,
				84A19ABF1980E9DB00C2CA91 /* ScheduleCell.xib */,
			);
			name = CustomCellSection_2;
			sourceTree = "<group>";
		};
		84A19AAE1980D38B00C2CA91 /* CustomCellSection_3 */ = {
			isa = PBXGroup;
			children = (
				84A19AC31980F36700C2CA91 /* delegate */,
				84A19AC21980F34300C2CA91 /* cell */,
			);
			name = CustomCellSection_3;
			sourceTree = "<group>";
		};
		84A19AC21980F34300C2CA91 /* cell */ = {
			isa = PBXGroup;
			children = (
				84A19A971980B13A00C2CA91 /* insertTableViewCell.m */,
				84A19A961980B13A00C2CA91 /* insertTableViewCell.h */,
				84A19A981980B13A00C2CA91 /* insertTableViewCell.xib */,
			);
			name = cell;
			sourceTree = "<group>";
		};
		84A19AC31980F36700C2CA91 /* delegate */ = {
			isa = PBXGroup;
			children = (
				84A19AC41980F3CB00C2CA91 /* DataSourceAndDelegate.h */,
				84A19AC51980F3CB00C2CA91 /* DataSourceAndDelegate.m */,
			);
			name = delegate;
			sourceTree = "<group>";
		};
/* End PBXGroup section */

/* Begin PBXNativeTarget section */
		84A0328E197C9B790061CF14 /* 智慧校园 */ = {
			isa = PBXNativeTarget;
			buildConfigurationList = 84A032C1197C9B790061CF14 /* Build configuration list for PBXNativeTarget "智慧校园" */;
			buildPhases = (
				84A0328B197C9B790061CF14 /* Sources */,
				84A0328C197C9B790061CF14 /* Frameworks */,
				84A0328D197C9B790061CF14 /* Resources */,
			);
			buildRules = (
			);
			dependencies = (
			);
			name = "智慧校园";
			productName = "智慧校园";
			productReference = 84A0328F197C9B790061CF14 /* 智慧校园.app */;
			productType = "com.apple.product-type.application";
		};
		84A032AF197C9B790061CF14 /* 智慧校园Tests */ = {
			isa = PBXNativeTarget;
			buildConfigurationList = 84A032C4197C9B790061CF14 /* Build configuration list for PBXNativeTarget "智慧校园Tests" */;
			buildPhases = (
				84A032AC197C9B790061CF14 /* Sources */,
				84A032AD197C9B790061CF14 /* Frameworks */,
				84A032AE197C9B790061CF14 /* Resources */,
			);
			buildRules = (
			);
			dependencies = (
				84A032B6197C9B790061CF14 /* PBXTargetDependency */,
			);
			name = "智慧校园Tests";
			productName = "智慧校园Tests";
			productReference = 84A032B0197C9B790061CF14 /* 智慧校园Tests.xctest */;
			productType = "com.apple.product-type.bundle.unit-test";
		};
/* End PBXNativeTarget section */

/* Begin PBXProject section */
		84A03287197C9B790061CF14 /* Project object */ = {
			isa = PBXProject;
			attributes = {
				CLASSPREFIX = ZHXY;
				LastUpgradeCheck = 0510;
				ORGANIZATIONNAME = liutianfu;
				TargetAttributes = {
					84A032AF197C9B790061CF14 = {
						TestTargetID = 84A0328E197C9B790061CF14;
					};
				};
			};
			buildConfigurationList = 84A0328A197C9B790061CF14 /* Build configuration list for PBXProject "智慧校园" */;
			compatibilityVersion = "Xcode 3.2";
			developmentRegion = English;
			hasScannedForEncodings = 0;
			knownRegions = (
				en,
				Base,
			);
			mainGroup = 84A03286197C9B790061CF14;
			productRefGroup = 84A03290197C9B790061CF14 /* Products */;
			projectDirPath = "";
			projectRoot = "";
			targets = (
				84A0328E197C9B790061CF14 /* 智慧校园 */,
				84A032AF197C9B790061CF14 /* 智慧校园Tests */,
			);
		};
/* End PBXProject section */

/* Begin PBXResourcesBuildPhase section */
		84A0328D197C9B790061CF14 /* Resources */ = {
			isa = PBXResourcesBuildPhase;
			buildActionMask = 2147483647;
			files = (
				844197DA197E5E8500D08337 /* Expression_4@2x.png in Resources */,
				844197D7197E5E8500D08337 /* Expression_1@2x.png in Resources */,
				84A032AB197C9B790061CF14 /* Images.xcassets in Resources */,
				844197D9197E5E8500D08337 /* Expression_3@2x.png in Resources */,
				84A032CB197C9C0F0061CF14 /* ZHXYUserLogViewController.xib in Resources */,
				849FF19719861F42008BFBA3 /* ZHXYClassDynamicsViewController.xib in Resources */,
				84A032CF197CA0560061CF14 /* checkbox1_unchecked@2x.png in Resources */,
				844197D8197E5E8500D08337 /* Expression_2@2x.png in Resources */,
				84A19A9A1980B13A00C2CA91 /* insertTableViewCell.xib in Resources */,
				84A0329D197C9B790061CF14 /* InfoPlist.strings in Resources */,
				84A19AB31980D51500C2CA91 /* pageControlTableViewCell.xib in Resources */,
				849FF18A19861CE1008BFBA3 /* ZHXYSchoolNewsViewController.xib in Resources */,
				849FF1A519862704008BFBA3 /* SchoolNewsTableViewCell.xib in Resources */,
				84A0333C197CFAEF0061CF14 /* ZHXYEducationCenterViewController.xib in Resources */,
				84A032A6197C9B790061CF14 /* Main.storyboard in Resources */,
				84A032D3197CA4150061CF14 /* checkbox1_unchecked.png in Resources */,
				84A19AC11980E9DB00C2CA91 /* ScheduleCell.xib in Resources */,
				84A03318197CCC5F0061CF14 /* ZHXYHomePageTabBarController.xib in Resources */,
				849FF2391982577700E7C23A /* checkbox_true.png in Resources */,
				84A03324197CEC000061CF14 /* ZHXYeSquareViewController.xib in Resources */,
				84A03331197CECC70061CF14 /* ZHXYCloudLibraryViewController.xib in Resources */,
				849FF19219861F1D008BFBA3 /* ZHXYCampusActivitiesViewController.xib in Resources */,
				84A0330F197CA9F60061CF14 /* ZHXYSelectClassViewController.xib in Resources */,
				84A19ABC1980DE2100C2CA91 /* HomeWorkCell.xib in Resources */,
				844197D2197E47B300D08337 /* ZHXYShowDetailContentViewController.xib in Resources */,
				849FF2381982577700E7C23A /* checkbox_false.png in Resources */,
				84A032D1197CA05B0061CF14 /* checkbox1_checked@2x.png in Resources */,
				2CA9012B19847FCB00935045 /* ZHXYHomeTableViewController.xib in Resources */,
			);
			runOnlyForDeploymentPostprocessing = 0;
		};
		84A032AE197C9B790061CF14 /* Resources */ = {
			isa = PBXResourcesBuildPhase;
			buildActionMask = 2147483647;
			files = (
				84A032BC197C9B790061CF14 /* InfoPlist.strings in Resources */,
			);
			runOnlyForDeploymentPostprocessing = 0;
		};
/* End PBXResourcesBuildPhase section */

/* Begin PBXSourcesBuildPhase section */
		84A0328B197C9B790061CF14 /* Sources */ = {
			isa = PBXSourcesBuildPhase;
			buildActionMask = 2147483647;
			files = (
				84A03308197CA97F0061CF14 /* UIProgressView+AFNetworking.m in Sources */,
				84A0333B197CFAEF0061CF14 /* ZHXYEducationCenterViewController.m in Sources */,
				84A19AB21980D51500C2CA91 /* pageControlTableViewCell.m in Sources */,
				844197C5197E2EFC00D08337 /* HdPageControl.m in Sources */,
				84A03317197CCC5F0061CF14 /* ZHXYHomePageTabBarController.m in Sources */,
				84A19ABB1980DE2100C2CA91 /* HomeWorkCell.m in Sources */,
				84A03306197CA97F0061CF14 /* UIButton+AFNetworking.m in Sources */,
				2CA9012A19847FCB00935045 /* ZHXYHomeTableViewController.m in Sources */,
				84A03309197CA97F0061CF14 /* UIRefreshControl+AFNetworking.m in Sources */,
				84A03305197CA97F0061CF14 /* UIAlertView+AFNetworking.m in Sources */,
				84A0329F197C9B790061CF14 /* main.m in Sources */,
				84A19A991980B13A00C2CA91 /* insertTableViewCell.m in Sources */,
				849FF1A419862704008BFBA3 /* SchoolNewsTableViewCell.m in Sources */,
				84A032EC197CA9670061CF14 /* AFSecurityPolicy.m in Sources */,
				849FF19F19862290008BFBA3 /* SchoolNewsDataSourceAndDelegate.m in Sources */,
				84A03330197CECC70061CF14 /* ZHXYCloudLibraryViewController.m in Sources */,
				84A032CA197C9C0F0061CF14 /* ZHXYUserLogViewController.m in Sources */,
				84A032E9197CA9670061CF14 /* AFHTTPRequestOperationManager.m in Sources */,
				84A032ED197CA9670061CF14 /* AFURLConnectionOperation.m in Sources */,
				84A03307197CA97F0061CF14 /* UIImageView+AFNetworking.m in Sources */,
				84A0330E197CA9F60061CF14 /* ZHXYSelectClassViewController.m in Sources */,
				84A19AC01980E9DB00C2CA91 /* ScheduleCell.m in Sources */,
				849FF18919861CE1008BFBA3 /* ZHXYSchoolNewsViewController.m in Sources */,
				844197D1197E47B300D08337 /* ZHXYShowDetailContentViewController.m in Sources */,
				849FF23519824A1300E7C23A /* WebSeviceSopaRequest.m in Sources */,
				849FF19119861F1D008BFBA3 /* ZHXYCampusActivitiesViewController.m in Sources */,
				84A032E8197CA9670061CF14 /* AFHTTPRequestOperation.m in Sources */,
				84A03304197CA97F0061CF14 /* UIActivityIndicatorView+AFNetworking.m in Sources */,
				84A032EE197CA9670061CF14 /* AFURLRequestSerialization.m in Sources */,
				844197C4197E2EFC00D08337 /* HDScrollview.m in Sources */,
				84A032EA197CA9670061CF14 /* AFHTTPSessionManager.m in Sources */,
				84A032EB197CA9670061CF14 /* AFNetworkReachabilityManager.m in Sources */,
				849FF19619861F42008BFBA3 /* ZHXYClassDynamicsViewController.m in Sources */,
				84A032EF197CA9670061CF14 /* AFURLResponseSerialization.m in Sources */,
				84A0330A197CA97F0061CF14 /* UIWebView+AFNetworking.m in Sources */,
				84A03323197CEC000061CF14 /* ZHXYeSquareViewController.m in Sources */,
				84A032F0197CA9670061CF14 /* AFURLSessionManager.m in Sources */,
				84A03303197CA97F0061CF14 /* AFNetworkActivityIndicatorManager.m in Sources */,
				84A19AC61980F3CB00C2CA91 /* DataSourceAndDelegate.m in Sources */,
				84A032A3197C9B790061CF14 /* ZHXYAppDelegate.m in Sources */,
			);
			runOnlyForDeploymentPostprocessing = 0;
		};
		84A032AC197C9B790061CF14 /* Sources */ = {
			isa = PBXSourcesBuildPhase;
			buildActionMask = 2147483647;
			files = (
				84A032BE197C9B790061CF14 /* ____Tests.m in Sources */,
			);
			runOnlyForDeploymentPostprocessing = 0;
		};
/* End PBXSourcesBuildPhase section */

/* Begin PBXTargetDependency section */
		84A032B6197C9B790061CF14 /* PBXTargetDependency */ = {
			isa = PBXTargetDependency;
			target = 84A0328E197C9B790061CF14 /* 智慧校园 */;
			targetProxy = 84A032B5197C9B790061CF14 /* PBXContainerItemProxy */;
		};
/* End PBXTargetDependency section */

/* Begin PBXVariantGroup section */
		84A0329B197C9B790061CF14 /* InfoPlist.strings */ = {
			isa = PBXVariantGroup;
			children = (
				84A0329C197C9B790061CF14 /* en */,
			);
			name = InfoPlist.strings;
			sourceTree = "<group>";
		};
		84A032A4197C9B790061CF14 /* Main.storyboard */ = {
			isa = PBXVariantGroup;
			children = (
				84A032A5197C9B790061CF14 /* Base */,
			);
			name = Main.storyboard;
			sourceTree = "<group>";
		};
		84A032BA197C9B790061CF14 /* InfoPlist.strings */ = {
			isa = PBXVariantGroup;
			children = (
				84A032BB197C9B790061CF14 /* en */,
			);
			name = InfoPlist.strings;
			sourceTree = "<group>";
		};
/* End PBXVariantGroup section */

/* Begin XCBuildConfiguration section */
		84A032BF197C9B790061CF14 /* Debug */ = {
			isa = XCBuildConfiguration;
			buildSettings = {
				ALWAYS_SEARCH_USER_PATHS = NO;
				CLANG_CXX_LANGUAGE_STANDARD = "gnu++0x";
				CLANG_CXX_LIBRARY = "libc++";
				CLANG_ENABLE_MODULES = YES;
				CLANG_ENABLE_OBJC_ARC = YES;
				CLANG_WARN_BOOL_CONVERSION = YES;
				CLANG_WARN_CONSTANT_CONVERSION = YES;
				CLANG_WARN_DIRECT_OBJC_ISA_USAGE = YES_ERROR;
				CLANG_WARN_EMPTY_BODY = YES;
				CLANG_WARN_ENUM_CONVERSION = YES;
				CLANG_WARN_INT_CONVERSION = YES;
				CLANG_WARN_OBJC_ROOT_CLASS = YES_ERROR;
				CLANG_WARN__DUPLICATE_METHOD_MATCH = YES;
				"CODE_SIGN_IDENTITY[sdk=iphoneos*]" = "iPhone Developer";
				COPY_PHASE_STRIP = NO;
				GCC_C_LANGUAGE_STANDARD = gnu99;
				GCC_DYNAMIC_NO_PIC = NO;
				GCC_OPTIMIZATION_LEVEL = 0;
				GCC_PREPROCESSOR_DEFINITIONS = (
					"DEBUG=1",
					"$(inherited)",
				);
				GCC_SYMBOLS_PRIVATE_EXTERN = NO;
				GCC_WARN_64_TO_32_BIT_CONVERSION = YES;
				GCC_WARN_ABOUT_RETURN_TYPE = YES_ERROR;
				GCC_WARN_UNDECLARED_SELECTOR = YES;
				GCC_WARN_UNINITIALIZED_AUTOS = YES_AGGRESSIVE;
				GCC_WARN_UNUSED_FUNCTION = YES;
				GCC_WARN_UNUSED_VARIABLE = YES;
				IPHONEOS_DEPLOYMENT_TARGET = 7.1;
				ONLY_ACTIVE_ARCH = YES;
				SDKROOT = iphoneos;
			};
			name = Debug;
		};
		84A032C0197C9B790061CF14 /* Release */ = {
			isa = XCBuildConfiguration;
			buildSettings = {
				ALWAYS_SEARCH_USER_PATHS = NO;
				CLANG_CXX_LANGUAGE_STANDARD = "gnu++0x";
				CLANG_CXX_LIBRARY = "libc++";
				CLANG_ENABLE_MODULES = YES;
				CLANG_ENABLE_OBJC_ARC = YES;
				CLANG_WARN_BOOL_CONVERSION = YES;
				CLANG_WARN_CONSTANT_CONVERSION = YES;
				CLANG_WARN_DIRECT_OBJC_ISA_USAGE = YES_ERROR;
				CLANG_WARN_EMPTY_BODY = YES;
				CLANG_WARN_ENUM_CONVERSION = YES;
				CLANG_WARN_INT_CONVERSION = YES;
				CLANG_WARN_OBJC_ROOT_CLASS = YES_ERROR;
				CLANG_WARN__DUPLICATE_METHOD_MATCH = YES;
				"CODE_SIGN_IDENTITY[sdk=iphoneos*]" = "iPhone Developer";
				COPY_PHASE_STRIP = YES;
				ENABLE_NS_ASSERTIONS = NO;
				GCC_C_LANGUAGE_STANDARD = gnu99;
				GCC_WARN_64_TO_32_BIT_CONVERSION = YES;
				GCC_WARN_ABOUT_RETURN_TYPE = YES_ERROR;
				GCC_WARN_UNDECLARED_SELECTOR = YES;
				GCC_WARN_UNINITIALIZED_AUTOS = YES_AGGRESSIVE;
				GCC_WARN_UNUSED_FUNCTION = YES;
				GCC_WARN_UNUSED_VARIABLE = YES;
				IPHONEOS_DEPLOYMENT_TARGET = 7.1;
				SDKROOT = iphoneos;
				VALIDATE_PRODUCT = YES;
			};
			name = Release;
		};
		84A032C2197C9B790061CF14 /* Debug */ = {
			isa = XCBuildConfiguration;
			buildSettings = {
				ASSETCATALOG_COMPILER_APPICON_NAME = AppIcon;
				ASSETCATALOG_COMPILER_LAUNCHIMAGE_NAME = LaunchImage;
				GCC_PRECOMPILE_PREFIX_HEADER = YES;
				GCC_PREFIX_HEADER = "智慧校园/智慧校园-Prefix.pch";
				INFOPLIST_FILE = "智慧校园/智慧校园-Info.plist";
				PRODUCT_NAME = "$(TARGET_NAME)";
				WRAPPER_EXTENSION = app;
			};
			name = Debug;
		};
		84A032C3197C9B790061CF14 /* Release */ = {
			isa = XCBuildConfiguration;
			buildSettings = {
				ASSETCATALOG_COMPILER_APPICON_NAME = AppIcon;
				ASSETCATALOG_COMPILER_LAUNCHIMAGE_NAME = LaunchImage;
				GCC_PRECOMPILE_PREFIX_HEADER = YES;
				GCC_PREFIX_HEADER = "智慧校园/智慧校园-Prefix.pch";
				INFOPLIST_FILE = "智慧校园/智慧校园-Info.plist";
				PRODUCT_NAME = "$(TARGET_NAME)";
				WRAPPER_EXTENSION = app;
			};
			name = Release;
		};
		84A032C5197C9B790061CF14 /* Debug */ = {
			isa = XCBuildConfiguration;
			buildSettings = {
				BUNDLE_LOADER = "$(BUILT_PRODUCTS_DIR)/智慧校园.app/智慧校园";
				FRAMEWORK_SEARCH_PATHS = (
					"$(SDKROOT)/Developer/Library/Frameworks",
					"$(inherited)",
					"$(DEVELOPER_FRAMEWORKS_DIR)",
				);
				GCC_PRECOMPILE_PREFIX_HEADER = YES;
				GCC_PREFIX_HEADER = "智慧校园/智慧校园-Prefix.pch";
				GCC_PREPROCESSOR_DEFINITIONS = (
					"DEBUG=1",
					"$(inherited)",
				);
				INFOPLIST_FILE = "智慧校园Tests/智慧校园Tests-Info.plist";
				PRODUCT_NAME = "$(TARGET_NAME)";
				TEST_HOST = "$(BUNDLE_LOADER)";
				WRAPPER_EXTENSION = xctest;
			};
			name = Debug;
		};
		84A032C6197C9B790061CF14 /* Release */ = {
			isa = XCBuildConfiguration;
			buildSettings = {
				BUNDLE_LOADER = "$(BUILT_PRODUCTS_DIR)/智慧校园.app/智慧校园";
				FRAMEWORK_SEARCH_PATHS = (
					"$(SDKROOT)/Developer/Library/Frameworks",
					"$(inherited)",
					"$(DEVELOPER_FRAMEWORKS_DIR)",
				);
				GCC_PRECOMPILE_PREFIX_HEADER = YES;
				GCC_PREFIX_HEADER = "智慧校园/智慧校园-Prefix.pch";
				INFOPLIST_FILE = "智慧校园Tests/智慧校园Tests-Info.plist";
				PRODUCT_NAME = "$(TARGET_NAME)";
				TEST_HOST = "$(BUNDLE_LOADER)";
				WRAPPER_EXTENSION = xctest;
			};
			name = Release;
		};
/* End XCBuildConfiguration section */

/* Begin XCConfigurationList section */
		84A0328A197C9B790061CF14 /* Build configuration list for PBXProject "智慧校园" */ = {
			isa = XCConfigurationList;
			buildConfigurations = (
				84A032BF197C9B790061CF14 /* Debug */,
				84A032C0197C9B790061CF14 /* Release */,
			);
			defaultConfigurationIsVisible = 0;
			defaultConfigurationName = Release;
		};
		84A032C1197C9B790061CF14 /* Build configuration list for PBXNativeTarget "智慧校园" */ = {
			isa = XCConfigurationList;
			buildConfigurations = (
				84A032C2197C9B790061CF14 /* Debug */,
				84A032C3197C9B790061CF14 /* Release */,
			);
			defaultConfigurationIsVisible = 0;
			defaultConfigurationName = Release;
		};
		84A032C4197C9B790061CF14 /* Build configuration list for PBXNativeTarget "智慧校园Tests" */ = {
			isa = XCConfigurationList;
			buildConfigurations = (
				84A032C5197C9B790061CF14 /* Debug */,
				84A032C6197C9B790061CF14 /* Release */,
			);
			defaultConfigurationIsVisible = 0;
			defaultConfigurationName = Release;
		};
/* End XCConfigurationList section */
	};
	rootObject = 84A03287197C9B790061CF14 /* Project object */;
}
