// !$*UTF8*$!
{
	archiveVersion = 1;
	classes = {
	};
	objectVersion = 46;
	objects = {

/* Begin PBXBuildFile section */
		2CA9012A19847FCB00935045 /* ZHXYHomeTableViewController.m in Sources */ = {isa = PBXBuildFile; fileRef = 2CA9012819847FCB00935045 /* ZHXYHomeTableViewController.m */; };
		2CA9012B19847FCB00935045 /* ZHXYHomeTableViewController.xib in Resources */ = {isa = PBXBuildFile; fileRef = 2CA9012919847FCB00935045 /* ZHXYHomeTableViewController.xib */; };
		844197D7197E5E8500D08337 /* Expression_1@2x.png in Resources */ = {isa = PBXBuildFile; fileRef = 844197D3197E5E8500D08337 /* Expression_1@2x.png */; };
		844197D8197E5E8500D08337 /* Expression_2@2x.png in Resources */ = {isa = PBXBuildFile; fileRef = 844197D4197E5E8500D08337 /* Expression_2@2x.png */; };
		844197D9197E5E8500D08337 /* Expression_3@2x.png in Resources */ = {isa = PBXBuildFile; fileRef = 844197D5197E5E8500D08337 /* Expression_3@2x.png */; };
		844197DA197E5E8500D08337 /* Expression_4@2x.png in Resources */ = {isa = PBXBuildFile; fileRef = 844197D6197E5E8500D08337 /* Expression_4@2x.png */; };
		849D4D78198B3F1900F6554E /* libxml2.dylib in Frameworks */ = {isa = PBXBuildFile; fileRef = 849D4D77198B3F1900F6554E /* libxml2.dylib */; };
		849D504A199470B400AA0616 /* segment_bg.png in Resources */ = {isa = PBXBuildFile; fileRef = 849D5048199470B400AA0616 /* segment_bg.png */; };
		849D504B199470B400AA0616 /* stain.png in Resources */ = {isa = PBXBuildFile; fileRef = 849D5049199470B400AA0616 /* stain.png */; };
		849D504F1994823D00AA0616 /* CCSegmentedControl.m in Sources */ = {isa = PBXBuildFile; fileRef = 849D504E1994823D00AA0616 /* CCSegmentedControl.m */; };
		849E495619908933001D3C20 /* eMessageViewController.m in Sources */ = {isa = PBXBuildFile; fileRef = 849E495419908933001D3C20 /* eMessageViewController.m */; };
		849E495719908933001D3C20 /* eMessageViewController.xib in Resources */ = {isa = PBXBuildFile; fileRef = 849E495519908933001D3C20 /* eMessageViewController.xib */; };
		849E495B1990B60D001D3C20 /* eMessageDelegate.m in Sources */ = {isa = PBXBuildFile; fileRef = 849E495A1990B60D001D3C20 /* eMessageDelegate.m */; };
		849E495E1990BFA4001D3C20 /* MyCircleDataDelegate.m in Sources */ = {isa = PBXBuildFile; fileRef = 849E495D1990BFA4001D3C20 /* MyCircleDataDelegate.m */; };
		849E49691990D8D5001D3C20 /* MyCircleContentTableViewCell.m in Sources */ = {isa = PBXBuildFile; fileRef = 849E49671990D8D5001D3C20 /* MyCircleContentTableViewCell.m */; };
		849E496A1990D8D5001D3C20 /* MyCircleContentTableViewCell.xib in Resources */ = {isa = PBXBuildFile; fileRef = 849E49681990D8D5001D3C20 /* MyCircleContentTableViewCell.xib */; };
		849E496E1990D91C001D3C20 /* MyCircleTitleTableViewCell.m in Sources */ = {isa = PBXBuildFile; fileRef = 849E496C1990D91C001D3C20 /* MyCircleTitleTableViewCell.m */; };
		849E496F1990D91C001D3C20 /* MyCircleTitleTableViewCell.xib in Resources */ = {isa = PBXBuildFile; fileRef = 849E496D1990D91C001D3C20 /* MyCircleTitleTableViewCell.xib */; };
		849E49741990DA3D001D3C20 /* DownAccessory.png in Resources */ = {isa = PBXBuildFile; fileRef = 849E49701990DA3D001D3C20 /* DownAccessory.png */; };
		849E49751990DA3D001D3C20 /* DownAccessory@2x.png in Resources */ = {isa = PBXBuildFile; fileRef = 849E49711990DA3D001D3C20 /* DownAccessory@2x.png */; };
		849E49761990DA3D001D3C20 /* UpAccessory.png in Resources */ = {isa = PBXBuildFile; fileRef = 849E49721990DA3D001D3C20 /* UpAccessory.png */; };
		849E49771990DA3D001D3C20 /* UpAccessory@2x.png in Resources */ = {isa = PBXBuildFile; fileRef = 849E49731990DA3D001D3C20 /* UpAccessory@2x.png */; };
		849FB80319874A29000A981C /* QuartzCore.framework in Frameworks */ = {isa = PBXBuildFile; fileRef = 849FB80219874A29000A981C /* QuartzCore.framework */; };
		849FF18919861CE1008BFBA3 /* ZHXYSchoolNewsViewController.m in Sources */ = {isa = PBXBuildFile; fileRef = 849FF18719861CE1008BFBA3 /* ZHXYSchoolNewsViewController.m */; };
		849FF18A19861CE1008BFBA3 /* ZHXYSchoolNewsViewController.xib in Resources */ = {isa = PBXBuildFile; fileRef = 849FF18819861CE1008BFBA3 /* ZHXYSchoolNewsViewController.xib */; };
		849FF19F19862290008BFBA3 /* SchoolNewsDataSourceAndDelegate.m in Sources */ = {isa = PBXBuildFile; fileRef = 849FF19E19862290008BFBA3 /* SchoolNewsDataSourceAndDelegate.m */; };
		849FF1A419862704008BFBA3 /* SchoolNewsTableViewCell.m in Sources */ = {isa = PBXBuildFile; fileRef = 849FF1A219862704008BFBA3 /* SchoolNewsTableViewCell.m */; };
		849FF1A519862704008BFBA3 /* SchoolNewsTableViewCell.xib in Resources */ = {isa = PBXBuildFile; fileRef = 849FF1A319862704008BFBA3 /* SchoolNewsTableViewCell.xib */; };
		849FF2381982577700E7C23A /* checkbox_false.png in Resources */ = {isa = PBXBuildFile; fileRef = 849FF2361982577700E7C23A /* checkbox_false.png */; };
		849FF2391982577700E7C23A /* checkbox_true.png in Resources */ = {isa = PBXBuildFile; fileRef = 849FF2371982577700E7C23A /* checkbox_true.png */; };
		84A03293197C9B790061CF14 /* Foundation.framework in Frameworks */ = {isa = PBXBuildFile; fileRef = 84A03292197C9B790061CF14 /* Foundation.framework */; };
		84A03295197C9B790061CF14 /* CoreGraphics.framework in Frameworks */ = {isa = PBXBuildFile; fileRef = 84A03294197C9B790061CF14 /* CoreGraphics.framework */; };
		84A03297197C9B790061CF14 /* UIKit.framework in Frameworks */ = {isa = PBXBuildFile; fileRef = 84A03296197C9B790061CF14 /* UIKit.framework */; };
		84A0329D197C9B790061CF14 /* InfoPlist.strings in Resources */ = {isa = PBXBuildFile; fileRef = 84A0329B197C9B790061CF14 /* InfoPlist.strings */; };
		84A0329F197C9B790061CF14 /* main.m in Sources */ = {isa = PBXBuildFile; fileRef = 84A0329E197C9B790061CF14 /* main.m */; };
		84A032A3197C9B790061CF14 /* ZHXYAppDelegate.m in Sources */ = {isa = PBXBuildFile; fileRef = 84A032A2197C9B790061CF14 /* ZHXYAppDelegate.m */; };
		84A032A6197C9B790061CF14 /* Main.storyboard in Resources */ = {isa = PBXBuildFile; fileRef = 84A032A4197C9B790061CF14 /* Main.storyboard */; };
		84A032AB197C9B790061CF14 /* Images.xcassets in Resources */ = {isa = PBXBuildFile; fileRef = 84A032AA197C9B790061CF14 /* Images.xcassets */; };
		84A032B2197C9B790061CF14 /* XCTest.framework in Frameworks */ = {isa = PBXBuildFile; fileRef = 84A032B1197C9B790061CF14 /* XCTest.framework */; };
		84A032B3197C9B790061CF14 /* Foundation.framework in Frameworks */ = {isa = PBXBuildFile; fileRef = 84A03292197C9B790061CF14 /* Foundation.framework */; };
		84A032B4197C9B790061CF14 /* UIKit.framework in Frameworks */ = {isa = PBXBuildFile; fileRef = 84A03296197C9B790061CF14 /* UIKit.framework */; };
		84A032BC197C9B790061CF14 /* InfoPlist.strings in Resources */ = {isa = PBXBuildFile; fileRef = 84A032BA197C9B790061CF14 /* InfoPlist.strings */; };
		84A032BE197C9B790061CF14 /* ____Tests.m in Sources */ = {isa = PBXBuildFile; fileRef = 84A032BD197C9B790061CF14 /* ____Tests.m */; };
		84A032CA197C9C0F0061CF14 /* ZHXYUserLogViewController.m in Sources */ = {isa = PBXBuildFile; fileRef = 84A032C8197C9C0F0061CF14 /* ZHXYUserLogViewController.m */; };
		84A032CB197C9C0F0061CF14 /* ZHXYUserLogViewController.xib in Resources */ = {isa = PBXBuildFile; fileRef = 84A032C9197C9C0F0061CF14 /* ZHXYUserLogViewController.xib */; };
		84A032CF197CA0560061CF14 /* checkbox1_unchecked@2x.png in Resources */ = {isa = PBXBuildFile; fileRef = 84A032CE197CA0560061CF14 /* checkbox1_unchecked@2x.png */; };
		84A032D1197CA05B0061CF14 /* checkbox1_checked@2x.png in Resources */ = {isa = PBXBuildFile; fileRef = 84A032D0197CA05B0061CF14 /* checkbox1_checked@2x.png */; };
		84A032D3197CA4150061CF14 /* checkbox1_unchecked.png in Resources */ = {isa = PBXBuildFile; fileRef = 84A032D2197CA4150061CF14 /* checkbox1_unchecked.png */; };
		84A0330E197CA9F60061CF14 /* ZHXYSelectClassViewController.m in Sources */ = {isa = PBXBuildFile; fileRef = 84A0330C197CA9F60061CF14 /* ZHXYSelectClassViewController.m */; };
		84A0330F197CA9F60061CF14 /* ZHXYSelectClassViewController.xib in Resources */ = {isa = PBXBuildFile; fileRef = 84A0330D197CA9F60061CF14 /* ZHXYSelectClassViewController.xib */; };
		84A03317197CCC5F0061CF14 /* ZHXYHomePageTabBarController.m in Sources */ = {isa = PBXBuildFile; fileRef = 84A03315197CCC5F0061CF14 /* ZHXYHomePageTabBarController.m */; };
		84A03318197CCC5F0061CF14 /* ZHXYHomePageTabBarController.xib in Resources */ = {isa = PBXBuildFile; fileRef = 84A03316197CCC5F0061CF14 /* ZHXYHomePageTabBarController.xib */; };
		84A03323197CEC000061CF14 /* ZHXYeSquareViewController.m in Sources */ = {isa = PBXBuildFile; fileRef = 84A03321197CEC000061CF14 /* ZHXYeSquareViewController.m */; };
		84A03324197CEC000061CF14 /* ZHXYeSquareViewController.xib in Resources */ = {isa = PBXBuildFile; fileRef = 84A03322197CEC000061CF14 /* ZHXYeSquareViewController.xib */; };
		84A03330197CECC70061CF14 /* ZHXYCloudLibraryViewController.m in Sources */ = {isa = PBXBuildFile; fileRef = 84A0332E197CECC70061CF14 /* ZHXYCloudLibraryViewController.m */; };
		84A03331197CECC70061CF14 /* ZHXYCloudLibraryViewController.xib in Resources */ = {isa = PBXBuildFile; fileRef = 84A0332F197CECC70061CF14 /* ZHXYCloudLibraryViewController.xib */; };
		84A0333B197CFAEF0061CF14 /* ZHXYEducationCenterViewController.m in Sources */ = {isa = PBXBuildFile; fileRef = 84A03339197CFAEF0061CF14 /* ZHXYEducationCenterViewController.m */; };
		84A0333C197CFAEF0061CF14 /* ZHXYEducationCenterViewController.xib in Resources */ = {isa = PBXBuildFile; fileRef = 84A0333A197CFAEF0061CF14 /* ZHXYEducationCenterViewController.xib */; };
		84A1517B198F221E00293C66 /* ns1.m in Sources */ = {isa = PBXBuildFile; fileRef = 84A1515E198F221E00293C66 /* ns1.m */; };
		84A1517C198F221E00293C66 /* ns2.m in Sources */ = {isa = PBXBuildFile; fileRef = 84A15160198F221E00293C66 /* ns2.m */; };
		84A1517D198F221E00293C66 /* ns3.m in Sources */ = {isa = PBXBuildFile; fileRef = 84A15162198F221E00293C66 /* ns3.m */; };
		84A1517E198F221E00293C66 /* ns4.m in Sources */ = {isa = PBXBuildFile; fileRef = 84A15164198F221E00293C66 /* ns4.m */; };
		84A1517F198F221E00293C66 /* ns5.m in Sources */ = {isa = PBXBuildFile; fileRef = 84A15166198F221E00293C66 /* ns5.m */; };
		84A15180198F221E00293C66 /* ns6.m in Sources */ = {isa = PBXBuildFile; fileRef = 84A15168198F221E00293C66 /* ns6.m */; };
		84A15181198F221E00293C66 /* ns7.m in Sources */ = {isa = PBXBuildFile; fileRef = 84A1516A198F221E00293C66 /* ns7.m */; };
		84A15182198F221E00293C66 /* ns8.m in Sources */ = {isa = PBXBuildFile; fileRef = 84A1516C198F221E00293C66 /* ns8.m */; };
		84A15183198F221E00293C66 /* ns9.m in Sources */ = {isa = PBXBuildFile; fileRef = 84A1516E198F221E00293C66 /* ns9.m */; };
		84A15184198F221E00293C66 /* NSDate+ISO8601Parsing.m in Sources */ = {isa = PBXBuildFile; fileRef = 84A15170198F221E00293C66 /* NSDate+ISO8601Parsing.m */; settings = {COMPILER_FLAGS = "-fno-objc-arc"; }; };
		84A15185198F221E00293C66 /* NSDate+ISO8601Unparsing.m in Sources */ = {isa = PBXBuildFile; fileRef = 84A15172198F221E00293C66 /* NSDate+ISO8601Unparsing.m */; settings = {COMPILER_FLAGS = "-fno-objc-arc"; }; };
		84A15186198F221E00293C66 /* USAdditions.m in Sources */ = {isa = PBXBuildFile; fileRef = 84A15174198F221E00293C66 /* USAdditions.m */; settings = {COMPILER_FLAGS = "-fno-objc-arc"; }; };
		84A15187198F221E00293C66 /* UserWS.m in Sources */ = {isa = PBXBuildFile; fileRef = 84A15176198F221E00293C66 /* UserWS.m */; settings = {COMPILER_FLAGS = "-fno-objc-arc"; }; };
		84A15188198F221E00293C66 /* USGlobals.m in Sources */ = {isa = PBXBuildFile; fileRef = 84A15178198F221E00293C66 /* USGlobals.m */; settings = {COMPILER_FLAGS = "-fno-objc-arc"; }; };
		84A15189198F221E00293C66 /* xsd.m in Sources */ = {isa = PBXBuildFile; fileRef = 84A1517A198F221E00293C66 /* xsd.m */; };
		84A15244198F649100293C66 /* CampusActivitiesTableViewCell.m in Sources */ = {isa = PBXBuildFile; fileRef = 84A15242198F649100293C66 /* CampusActivitiesTableViewCell.m */; };
		84A15245198F649100293C66 /* CampusActivitiesTableViewCell.xib in Resources */ = {isa = PBXBuildFile; fileRef = 84A15243198F649100293C66 /* CampusActivitiesTableViewCell.xib */; };
		84A15249198F651800293C66 /* CampusActivitiesDataAndDelegate.m in Sources */ = {isa = PBXBuildFile; fileRef = 84A15248198F651800293C66 /* CampusActivitiesDataAndDelegate.m */; };
		84A1524F198F7A5000293C66 /* ClassBulletinTableViewCell.m in Sources */ = {isa = PBXBuildFile; fileRef = 84A1524D198F7A5000293C66 /* ClassBulletinTableViewCell.m */; };
		84A15250198F7A5000293C66 /* ClassBulletinTableViewCell.xib in Resources */ = {isa = PBXBuildFile; fileRef = 84A1524E198F7A5000293C66 /* ClassBulletinTableViewCell.xib */; };
		84A15253198F7B6400293C66 /* ClassBulletinDelegate.m in Sources */ = {isa = PBXBuildFile; fileRef = 84A15252198F7B6400293C66 /* ClassBulletinDelegate.m */; };
		84A19A991980B13A00C2CA91 /* insertTableViewCell.m in Sources */ = {isa = PBXBuildFile; fileRef = 84A19A971980B13A00C2CA91 /* insertTableViewCell.m */; };
		84A19A9A1980B13A00C2CA91 /* insertTableViewCell.xib in Resources */ = {isa = PBXBuildFile; fileRef = 84A19A981980B13A00C2CA91 /* insertTableViewCell.xib */; };
		84A19ABB1980DE2100C2CA91 /* HomeWorkCell.m in Sources */ = {isa = PBXBuildFile; fileRef = 84A19AB91980DE2100C2CA91 /* HomeWorkCell.m */; };
		84A19ABC1980DE2100C2CA91 /* HomeWorkCell.xib in Resources */ = {isa = PBXBuildFile; fileRef = 84A19ABA1980DE2100C2CA91 /* HomeWorkCell.xib */; };
		84A19AC01980E9DB00C2CA91 /* ScheduleCell.m in Sources */ = {isa = PBXBuildFile; fileRef = 84A19ABE1980E9DB00C2CA91 /* ScheduleCell.m */; };
		84A19AC11980E9DB00C2CA91 /* ScheduleCell.xib in Resources */ = {isa = PBXBuildFile; fileRef = 84A19ABF1980E9DB00C2CA91 /* ScheduleCell.xib */; };
		84A19AC61980F3CB00C2CA91 /* DataSourceAndDelegate.m in Sources */ = {isa = PBXBuildFile; fileRef = 84A19AC51980F3CB00C2CA91 /* DataSourceAndDelegate.m */; };
		84A282C8198A1B0800DA9543 /* pageControlTableViewCell.m in Sources */ = {isa = PBXBuildFile; fileRef = 84A282C6198A1B0800DA9543 /* pageControlTableViewCell.m */; };
		84A282C9198A1B0800DA9543 /* pageControlTableViewCell.xib in Resources */ = {isa = PBXBuildFile; fileRef = 84A282C7198A1B0800DA9543 /* pageControlTableViewCell.xib */; };
		84A28326198A468E00DA9543 /* ZHXYShowDetailContentViewController.m in Sources */ = {isa = PBXBuildFile; fileRef = 84A28324198A468E00DA9543 /* ZHXYShowDetailContentViewController.m */; };
		84A28327198A468E00DA9543 /* ZHXYShowDetailContentViewController.xib in Resources */ = {isa = PBXBuildFile; fileRef = 84A28325198A468E00DA9543 /* ZHXYShowDetailContentViewController.xib */; };
		84B5E9CA1992323500FFAC8C /* NSObject+SBJSON.m in Sources */ = {isa = PBXBuildFile; fileRef = 84B5E9C11992323500FFAC8C /* NSObject+SBJSON.m */; settings = {COMPILER_FLAGS = "-fno-objc-arc"; }; };
		84B5E9CB1992323500FFAC8C /* NSString+SBJSON.m in Sources */ = {isa = PBXBuildFile; fileRef = 84B5E9C31992323500FFAC8C /* NSString+SBJSON.m */; settings = {COMPILER_FLAGS = "-fno-objc-arc"; }; };
		84B5E9CC1992323500FFAC8C /* SBJsonBase.m in Sources */ = {isa = PBXBuildFile; fileRef = 84B5E9C51992323500FFAC8C /* SBJsonBase.m */; settings = {COMPILER_FLAGS = "-fno-objc-arc"; }; };
		84B5E9CD1992323500FFAC8C /* SBJsonParser.m in Sources */ = {isa = PBXBuildFile; fileRef = 84B5E9C71992323500FFAC8C /* SBJsonParser.m */; settings = {COMPILER_FLAGS = "-fno-objc-arc"; }; };
		84B5E9CE1992323500FFAC8C /* SBJsonWriter.m in Sources */ = {isa = PBXBuildFile; fileRef = 84B5E9C91992323500FFAC8C /* SBJsonWriter.m */; settings = {COMPILER_FLAGS = "-fno-objc-arc"; }; };
		84D42386199344A000C6D66A /* classicon.jpg in Resources */ = {isa = PBXBuildFile; fileRef = 84D42385199344A000C6D66A /* classicon.jpg */; };
		84D4238919934EC200C6D66A /* sp.png in Resources */ = {isa = PBXBuildFile; fileRef = 84D4238819934EC200C6D66A /* sp.png */; };
		84D4238B1993533C00C6D66A /* tab_default.9.png in Resources */ = {isa = PBXBuildFile; fileRef = 84D4238A1993533C00C6D66A /* tab_default.9.png */; };
		84D4238D1993548500C6D66A /* lightbluebtn.png in Resources */ = {isa = PBXBuildFile; fileRef = 84D4238C1993548500C6D66A /* lightbluebtn.png */; };
		84D4238F199354F900C6D66A /* tab_c_hover.9.png in Resources */ = {isa = PBXBuildFile; fileRef = 84D4238E199354F900C6D66A /* tab_c_hover.9.png */; };
		84D4239B1993777F00C6D66A /* blackArrow.png in Resources */ = {isa = PBXBuildFile; fileRef = 84D423931993777F00C6D66A /* blackArrow.png */; };
		84D4239C1993777F00C6D66A /* blackArrow@2x.png in Resources */ = {isa = PBXBuildFile; fileRef = 84D423941993777F00C6D66A /* blackArrow@2x.png */; };
		84D4239D1993777F00C6D66A /* blueArrow.png in Resources */ = {isa = PBXBuildFile; fileRef = 84D423951993777F00C6D66A /* blueArrow.png */; };
		84D4239E1993777F00C6D66A /* blueArrow@2x.png in Resources */ = {isa = PBXBuildFile; fileRef = 84D423961993777F00C6D66A /* blueArrow@2x.png */; };
		84D4239F1993777F00C6D66A /* grayArrow.png in Resources */ = {isa = PBXBuildFile; fileRef = 84D423971993777F00C6D66A /* grayArrow.png */; };
		84D423A01993777F00C6D66A /* grayArrow@2x.png in Resources */ = {isa = PBXBuildFile; fileRef = 84D423981993777F00C6D66A /* grayArrow@2x.png */; };
		84D423A11993777F00C6D66A /* whiteArrow.png in Resources */ = {isa = PBXBuildFile; fileRef = 84D423991993777F00C6D66A /* whiteArrow.png */; };
		84D423A21993777F00C6D66A /* whiteArrow@2x.png in Resources */ = {isa = PBXBuildFile; fileRef = 84D4239A1993777F00C6D66A /* whiteArrow@2x.png */; };
		84D423A51993779000C6D66A /* EGORefreshTableHeaderView.m in Sources */ = {isa = PBXBuildFile; fileRef = 84D423A41993779000C6D66A /* EGORefreshTableHeaderView.m */; settings = {COMPILER_FLAGS = "-fno-objc-arc"; }; };
/* End PBXBuildFile section */

/* Begin PBXContainerItemProxy section */
		84A032B5197C9B790061CF14 /* PBXContainerItemProxy */ = {
			isa = PBXContainerItemProxy;
			containerPortal = 84A03287197C9B790061CF14 /* Project object */;
			proxyType = 1;
			remoteGlobalIDString = 84A0328E197C9B790061CF14;
			remoteInfo = "智慧校园";
		};
/* End PBXContainerItemProxy section */

/* Begin PBXFileReference section */
		2CA9012719847FCB00935045 /* ZHXYHomeTableViewController.h */ = {isa = PBXFileReference; fileEncoding = 4; lastKnownFileType = sourcecode.c.h; path = ZHXYHomeTableViewController.h; sourceTree = "<group>"; };
		2CA9012819847FCB00935045 /* ZHXYHomeTableViewController.m */ = {isa = PBXFileReference; fileEncoding = 4; lastKnownFileType = sourcecode.c.objc; path = ZHXYHomeTableViewController.m; sourceTree = "<group>"; };
		2CA9012919847FCB00935045 /* ZHXYHomeTableViewController.xib */ = {isa = PBXFileReference; fileEncoding = 4; lastKnownFileType = file.xib; path = ZHXYHomeTableViewController.xib; sourceTree = "<group>"; };
		844197D3197E5E8500D08337 /* Expression_1@2x.png */ = {isa = PBXFileReference; lastKnownFileType = image.png; path = "Expression_1@2x.png"; sourceTree = "<group>"; };
		844197D4197E5E8500D08337 /* Expression_2@2x.png */ = {isa = PBXFileReference; lastKnownFileType = image.png; path = "Expression_2@2x.png"; sourceTree = "<group>"; };
		844197D5197E5E8500D08337 /* Expression_3@2x.png */ = {isa = PBXFileReference; lastKnownFileType = image.png; path = "Expression_3@2x.png"; sourceTree = "<group>"; };
		844197D6197E5E8500D08337 /* Expression_4@2x.png */ = {isa = PBXFileReference; lastKnownFileType = image.png; path = "Expression_4@2x.png"; sourceTree = "<group>"; };
		849D4D77198B3F1900F6554E /* libxml2.dylib */ = {isa = PBXFileReference; lastKnownFileType = "compiled.mach-o.dylib"; name = libxml2.dylib; path = usr/lib/libxml2.dylib; sourceTree = SDKROOT; };
		849D5048199470B400AA0616 /* segment_bg.png */ = {isa = PBXFileReference; lastKnownFileType = image.png; name = segment_bg.png; path = "智慧校园/segment_bg.png"; sourceTree = "<group>"; };
		849D5049199470B400AA0616 /* stain.png */ = {isa = PBXFileReference; lastKnownFileType = image.png; name = stain.png; path = "智慧校园/stain.png"; sourceTree = "<group>"; };
		849D504D1994823D00AA0616 /* CCSegmentedControl.h */ = {isa = PBXFileReference; fileEncoding = 4; lastKnownFileType = sourcecode.c.h; name = CCSegmentedControl.h; path = "智慧校园/CCSegmentedControl.h"; sourceTree = "<group>"; };
		849D504E1994823D00AA0616 /* CCSegmentedControl.m */ = {isa = PBXFileReference; fileEncoding = 4; lastKnownFileType = sourcecode.c.objc; name = CCSegmentedControl.m; path = "智慧校园/CCSegmentedControl.m"; sourceTree = "<group>"; };
		849E495319908933001D3C20 /* eMessageViewController.h */ = {isa = PBXFileReference; fileEncoding = 4; lastKnownFileType = sourcecode.c.h; path = eMessageViewController.h; sourceTree = "<group>"; };
		849E495419908933001D3C20 /* eMessageViewController.m */ = {isa = PBXFileReference; fileEncoding = 4; lastKnownFileType = sourcecode.c.objc; path = eMessageViewController.m; sourceTree = "<group>"; };
		849E495519908933001D3C20 /* eMessageViewController.xib */ = {isa = PBXFileReference; fileEncoding = 4; lastKnownFileType = file.xib; path = eMessageViewController.xib; sourceTree = "<group>"; };
		849E49591990B60D001D3C20 /* eMessageDelegate.h */ = {isa = PBXFileReference; fileEncoding = 4; lastKnownFileType = sourcecode.c.h; path = eMessageDelegate.h; sourceTree = "<group>"; };
		849E495A1990B60D001D3C20 /* eMessageDelegate.m */ = {isa = PBXFileReference; fileEncoding = 4; lastKnownFileType = sourcecode.c.objc; path = eMessageDelegate.m; sourceTree = "<group>"; };
		849E495C1990BFA4001D3C20 /* MyCircleDataDelegate.h */ = {isa = PBXFileReference; fileEncoding = 4; lastKnownFileType = sourcecode.c.h; path = MyCircleDataDelegate.h; sourceTree = "<group>"; };
		849E495D1990BFA4001D3C20 /* MyCircleDataDelegate.m */ = {isa = PBXFileReference; fileEncoding = 4; lastKnownFileType = sourcecode.c.objc; path = MyCircleDataDelegate.m; sourceTree = "<group>"; };
		849E49661990D8D5001D3C20 /* MyCircleContentTableViewCell.h */ = {isa = PBXFileReference; fileEncoding = 4; lastKnownFileType = sourcecode.c.h; path = MyCircleContentTableViewCell.h; sourceTree = "<group>"; };
		849E49671990D8D5001D3C20 /* MyCircleContentTableViewCell.m */ = {isa = PBXFileReference; fileEncoding = 4; lastKnownFileType = sourcecode.c.objc; path = MyCircleContentTableViewCell.m; sourceTree = "<group>"; };
		849E49681990D8D5001D3C20 /* MyCircleContentTableViewCell.xib */ = {isa = PBXFileReference; fileEncoding = 4; lastKnownFileType = file.xib; path = MyCircleContentTableViewCell.xib; sourceTree = "<group>"; };
		849E496B1990D91C001D3C20 /* MyCircleTitleTableViewCell.h */ = {isa = PBXFileReference; fileEncoding = 4; lastKnownFileType = sourcecode.c.h; path = MyCircleTitleTableViewCell.h; sourceTree = "<group>"; };
		849E496C1990D91C001D3C20 /* MyCircleTitleTableViewCell.m */ = {isa = PBXFileReference; fileEncoding = 4; lastKnownFileType = sourcecode.c.objc; path = MyCircleTitleTableViewCell.m; sourceTree = "<group>"; };
		849E496D1990D91C001D3C20 /* MyCircleTitleTableViewCell.xib */ = {isa = PBXFileReference; fileEncoding = 4; lastKnownFileType = file.xib; path = MyCircleTitleTableViewCell.xib; sourceTree = "<group>"; };
		849E49701990DA3D001D3C20 /* DownAccessory.png */ = {isa = PBXFileReference; lastKnownFileType = image.png; path = DownAccessory.png; sourceTree = "<group>"; };
		849E49711990DA3D001D3C20 /* DownAccessory@2x.png */ = {isa = PBXFileReference; lastKnownFileType = image.png; path = "DownAccessory@2x.png"; sourceTree = "<group>"; };
		849E49721990DA3D001D3C20 /* UpAccessory.png */ = {isa = PBXFileReference; lastKnownFileType = image.png; path = UpAccessory.png; sourceTree = "<group>"; };
		849E49731990DA3D001D3C20 /* UpAccessory@2x.png */ = {isa = PBXFileReference; lastKnownFileType = image.png; path = "UpAccessory@2x.png"; sourceTree = "<group>"; };
		849FB80219874A29000A981C /* QuartzCore.framework */ = {isa = PBXFileReference; lastKnownFileType = wrapper.framework; name = QuartzCore.framework; path = System/Library/Frameworks/QuartzCore.framework; sourceTree = SDKROOT; };
		849FF18619861CE1008BFBA3 /* ZHXYSchoolNewsViewController.h */ = {isa = PBXFileReference; fileEncoding = 4; lastKnownFileType = sourcecode.c.h; path = ZHXYSchoolNewsViewController.h; sourceTree = "<group>"; };
		849FF18719861CE1008BFBA3 /* ZHXYSchoolNewsViewController.m */ = {isa = PBXFileReference; fileEncoding = 4; lastKnownFileType = sourcecode.c.objc; path = ZHXYSchoolNewsViewController.m; sourceTree = "<group>"; };
		849FF18819861CE1008BFBA3 /* ZHXYSchoolNewsViewController.xib */ = {isa = PBXFileReference; fileEncoding = 4; lastKnownFileType = file.xib; path = ZHXYSchoolNewsViewController.xib; sourceTree = "<group>"; };
		849FF19D19862290008BFBA3 /* SchoolNewsDataSourceAndDelegate.h */ = {isa = PBXFileReference; fileEncoding = 4; lastKnownFileType = sourcecode.c.h; path = SchoolNewsDataSourceAndDelegate.h; sourceTree = "<group>"; };
		849FF19E19862290008BFBA3 /* SchoolNewsDataSourceAndDelegate.m */ = {isa = PBXFileReference; fileEncoding = 4; lastKnownFileType = sourcecode.c.objc; path = SchoolNewsDataSourceAndDelegate.m; sourceTree = "<group>"; };
		849FF1A119862704008BFBA3 /* SchoolNewsTableViewCell.h */ = {isa = PBXFileReference; fileEncoding = 4; lastKnownFileType = sourcecode.c.h; path = SchoolNewsTableViewCell.h; sourceTree = "<group>"; };
		849FF1A219862704008BFBA3 /* SchoolNewsTableViewCell.m */ = {isa = PBXFileReference; fileEncoding = 4; lastKnownFileType = sourcecode.c.objc; path = SchoolNewsTableViewCell.m; sourceTree = "<group>"; };
		849FF1A319862704008BFBA3 /* SchoolNewsTableViewCell.xib */ = {isa = PBXFileReference; fileEncoding = 4; lastKnownFileType = file.xib; path = SchoolNewsTableViewCell.xib; sourceTree = "<group>"; };
		849FF2361982577700E7C23A /* checkbox_false.png */ = {isa = PBXFileReference; lastKnownFileType = image.png; path = checkbox_false.png; sourceTree = "<group>"; };
		849FF2371982577700E7C23A /* checkbox_true.png */ = {isa = PBXFileReference; lastKnownFileType = image.png; path = checkbox_true.png; sourceTree = "<group>"; };
		84A0328F197C9B790061CF14 /* 智慧校园.app */ = {isa = PBXFileReference; explicitFileType = wrapper.application; includeInIndex = 0; path = "智慧校园.app"; sourceTree = BUILT_PRODUCTS_DIR; };
		84A03292197C9B790061CF14 /* Foundation.framework */ = {isa = PBXFileReference; lastKnownFileType = wrapper.framework; name = Foundation.framework; path = System/Library/Frameworks/Foundation.framework; sourceTree = SDKROOT; };
		84A03294197C9B790061CF14 /* CoreGraphics.framework */ = {isa = PBXFileReference; lastKnownFileType = wrapper.framework; name = CoreGraphics.framework; path = System/Library/Frameworks/CoreGraphics.framework; sourceTree = SDKROOT; };
		84A03296197C9B790061CF14 /* UIKit.framework */ = {isa = PBXFileReference; lastKnownFileType = wrapper.framework; name = UIKit.framework; path = System/Library/Frameworks/UIKit.framework; sourceTree = SDKROOT; };
		84A0329A197C9B790061CF14 /* 智慧校园-Info.plist */ = {isa = PBXFileReference; lastKnownFileType = text.plist.xml; path = "智慧校园-Info.plist"; sourceTree = "<group>"; };
		84A0329C197C9B790061CF14 /* en */ = {isa = PBXFileReference; lastKnownFileType = text.plist.strings; name = en; path = en.lproj/InfoPlist.strings; sourceTree = "<group>"; };
		84A0329E197C9B790061CF14 /* main.m */ = {isa = PBXFileReference; lastKnownFileType = sourcecode.c.objc; path = main.m; sourceTree = "<group>"; };
		84A032A0197C9B790061CF14 /* 智慧校园-Prefix.pch */ = {isa = PBXFileReference; lastKnownFileType = sourcecode.c.h; path = "智慧校园-Prefix.pch"; sourceTree = "<group>"; };
		84A032A1197C9B790061CF14 /* ZHXYAppDelegate.h */ = {isa = PBXFileReference; lastKnownFileType = sourcecode.c.h; path = ZHXYAppDelegate.h; sourceTree = "<group>"; };
		84A032A2197C9B790061CF14 /* ZHXYAppDelegate.m */ = {isa = PBXFileReference; lastKnownFileType = sourcecode.c.objc; path = ZHXYAppDelegate.m; sourceTree = "<group>"; };
		84A032A5197C9B790061CF14 /* Base */ = {isa = PBXFileReference; lastKnownFileType = file.storyboard; name = Base; path = Base.lproj/Main.storyboard; sourceTree = "<group>"; };
		84A032AA197C9B790061CF14 /* Images.xcassets */ = {isa = PBXFileReference; lastKnownFileType = folder.assetcatalog; path = Images.xcassets; sourceTree = "<group>"; };
		84A032B0197C9B790061CF14 /* 智慧校园Tests.xctest */ = {isa = PBXFileReference; explicitFileType = wrapper.cfbundle; includeInIndex = 0; path = "智慧校园Tests.xctest"; sourceTree = BUILT_PRODUCTS_DIR; };
		84A032B1197C9B790061CF14 /* XCTest.framework */ = {isa = PBXFileReference; lastKnownFileType = wrapper.framework; name = XCTest.framework; path = Library/Frameworks/XCTest.framework; sourceTree = DEVELOPER_DIR; };
		84A032B9197C9B790061CF14 /* 智慧校园Tests-Info.plist */ = {isa = PBXFileReference; lastKnownFileType = text.plist.xml; path = "智慧校园Tests-Info.plist"; sourceTree = "<group>"; };
		84A032BB197C9B790061CF14 /* en */ = {isa = PBXFileReference; lastKnownFileType = text.plist.strings; name = en; path = en.lproj/InfoPlist.strings; sourceTree = "<group>"; };
		84A032BD197C9B790061CF14 /* ____Tests.m */ = {isa = PBXFileReference; lastKnownFileType = sourcecode.c.objc; path = "____Tests.m"; sourceTree = "<group>"; };
		84A032C7197C9C0F0061CF14 /* ZHXYUserLogViewController.h */ = {isa = PBXFileReference; fileEncoding = 4; lastKnownFileType = sourcecode.c.h; path = ZHXYUserLogViewController.h; sourceTree = "<group>"; };
		84A032C8197C9C0F0061CF14 /* ZHXYUserLogViewController.m */ = {isa = PBXFileReference; fileEncoding = 4; lastKnownFileType = sourcecode.c.objc; path = ZHXYUserLogViewController.m; sourceTree = "<group>"; };
		84A032C9197C9C0F0061CF14 /* ZHXYUserLogViewController.xib */ = {isa = PBXFileReference; fileEncoding = 4; lastKnownFileType = file.xib; path = ZHXYUserLogViewController.xib; sourceTree = "<group>"; };
		84A032CE197CA0560061CF14 /* checkbox1_unchecked@2x.png */ = {isa = PBXFileReference; lastKnownFileType = image.png; path = "checkbox1_unchecked@2x.png"; sourceTree = "<group>"; };
		84A032D0197CA05B0061CF14 /* checkbox1_checked@2x.png */ = {isa = PBXFileReference; lastKnownFileType = image.png; path = "checkbox1_checked@2x.png"; sourceTree = "<group>"; };
		84A032D2197CA4150061CF14 /* checkbox1_unchecked.png */ = {isa = PBXFileReference; lastKnownFileType = image.png; path = checkbox1_unchecked.png; sourceTree = "<group>"; };
		84A0330B197CA9F60061CF14 /* ZHXYSelectClassViewController.h */ = {isa = PBXFileReference; fileEncoding = 4; lastKnownFileType = sourcecode.c.h; path = ZHXYSelectClassViewController.h; sourceTree = "<group>"; };
		84A0330C197CA9F60061CF14 /* ZHXYSelectClassViewController.m */ = {isa = PBXFileReference; fileEncoding = 4; lastKnownFileType = sourcecode.c.objc; path = ZHXYSelectClassViewController.m; sourceTree = "<group>"; };
		84A0330D197CA9F60061CF14 /* ZHXYSelectClassViewController.xib */ = {isa = PBXFileReference; fileEncoding = 4; lastKnownFileType = file.xib; path = ZHXYSelectClassViewController.xib; sourceTree = "<group>"; };
		84A03314197CCC5F0061CF14 /* ZHXYHomePageTabBarController.h */ = {isa = PBXFileReference; fileEncoding = 4; lastKnownFileType = sourcecode.c.h; path = ZHXYHomePageTabBarController.h; sourceTree = "<group>"; };
		84A03315197CCC5F0061CF14 /* ZHXYHomePageTabBarController.m */ = {isa = PBXFileReference; fileEncoding = 4; lastKnownFileType = sourcecode.c.objc; path = ZHXYHomePageTabBarController.m; sourceTree = "<group>"; };
		84A03316197CCC5F0061CF14 /* ZHXYHomePageTabBarController.xib */ = {isa = PBXFileReference; fileEncoding = 4; lastKnownFileType = file.xib; path = ZHXYHomePageTabBarController.xib; sourceTree = "<group>"; };
		84A03320197CEC000061CF14 /* ZHXYeSquareViewController.h */ = {isa = PBXFileReference; fileEncoding = 4; lastKnownFileType = sourcecode.c.h; path = ZHXYeSquareViewController.h; sourceTree = "<group>"; };
		84A03321197CEC000061CF14 /* ZHXYeSquareViewController.m */ = {isa = PBXFileReference; fileEncoding = 4; lastKnownFileType = sourcecode.c.objc; path = ZHXYeSquareViewController.m; sourceTree = "<group>"; };
		84A03322197CEC000061CF14 /* ZHXYeSquareViewController.xib */ = {isa = PBXFileReference; fileEncoding = 4; lastKnownFileType = file.xib; path = ZHXYeSquareViewController.xib; sourceTree = "<group>"; };
		84A0332D197CECC70061CF14 /* ZHXYCloudLibraryViewController.h */ = {isa = PBXFileReference; fileEncoding = 4; lastKnownFileType = sourcecode.c.h; path = ZHXYCloudLibraryViewController.h; sourceTree = "<group>"; };
		84A0332E197CECC70061CF14 /* ZHXYCloudLibraryViewController.m */ = {isa = PBXFileReference; fileEncoding = 4; lastKnownFileType = sourcecode.c.objc; path = ZHXYCloudLibraryViewController.m; sourceTree = "<group>"; };
		84A0332F197CECC70061CF14 /* ZHXYCloudLibraryViewController.xib */ = {isa = PBXFileReference; fileEncoding = 4; lastKnownFileType = file.xib; path = ZHXYCloudLibraryViewController.xib; sourceTree = "<group>"; };
		84A03338197CFAEF0061CF14 /* ZHXYEducationCenterViewController.h */ = {isa = PBXFileReference; fileEncoding = 4; lastKnownFileType = sourcecode.c.h; path = ZHXYEducationCenterViewController.h; sourceTree = "<group>"; };
		84A03339197CFAEF0061CF14 /* ZHXYEducationCenterViewController.m */ = {isa = PBXFileReference; fileEncoding = 4; lastKnownFileType = sourcecode.c.objc; path = ZHXYEducationCenterViewController.m; sourceTree = "<group>"; };
		84A0333A197CFAEF0061CF14 /* ZHXYEducationCenterViewController.xib */ = {isa = PBXFileReference; fileEncoding = 4; lastKnownFileType = file.xib; path = ZHXYEducationCenterViewController.xib; sourceTree = "<group>"; };
		84A1515D198F221E00293C66 /* ns1.h */ = {isa = PBXFileReference; fileEncoding = 4; lastKnownFileType = sourcecode.c.h; path = ns1.h; sourceTree = "<group>"; };
		84A1515E198F221E00293C66 /* ns1.m */ = {isa = PBXFileReference; fileEncoding = 4; lastKnownFileType = sourcecode.c.objc; path = ns1.m; sourceTree = "<group>"; };
		84A1515F198F221E00293C66 /* ns2.h */ = {isa = PBXFileReference; fileEncoding = 4; lastKnownFileType = sourcecode.c.h; path = ns2.h; sourceTree = "<group>"; };
		84A15160198F221E00293C66 /* ns2.m */ = {isa = PBXFileReference; fileEncoding = 4; lastKnownFileType = sourcecode.c.objc; path = ns2.m; sourceTree = "<group>"; };
		84A15161198F221E00293C66 /* ns3.h */ = {isa = PBXFileReference; fileEncoding = 4; lastKnownFileType = sourcecode.c.h; path = ns3.h; sourceTree = "<group>"; };
		84A15162198F221E00293C66 /* ns3.m */ = {isa = PBXFileReference; fileEncoding = 4; lastKnownFileType = sourcecode.c.objc; path = ns3.m; sourceTree = "<group>"; };
		84A15163198F221E00293C66 /* ns4.h */ = {isa = PBXFileReference; fileEncoding = 4; lastKnownFileType = sourcecode.c.h; path = ns4.h; sourceTree = "<group>"; };
		84A15164198F221E00293C66 /* ns4.m */ = {isa = PBXFileReference; fileEncoding = 4; lastKnownFileType = sourcecode.c.objc; path = ns4.m; sourceTree = "<group>"; };
		84A15165198F221E00293C66 /* ns5.h */ = {isa = PBXFileReference; fileEncoding = 4; lastKnownFileType = sourcecode.c.h; path = ns5.h; sourceTree = "<group>"; };
		84A15166198F221E00293C66 /* ns5.m */ = {isa = PBXFileReference; fileEncoding = 4; lastKnownFileType = sourcecode.c.objc; path = ns5.m; sourceTree = "<group>"; };
		84A15167198F221E00293C66 /* ns6.h */ = {isa = PBXFileReference; fileEncoding = 4; lastKnownFileType = sourcecode.c.h; path = ns6.h; sourceTree = "<group>"; };
		84A15168198F221E00293C66 /* ns6.m */ = {isa = PBXFileReference; fileEncoding = 4; lastKnownFileType = sourcecode.c.objc; path = ns6.m; sourceTree = "<group>"; };
		84A15169198F221E00293C66 /* ns7.h */ = {isa = PBXFileReference; fileEncoding = 4; lastKnownFileType = sourcecode.c.h; path = ns7.h; sourceTree = "<group>"; };
		84A1516A198F221E00293C66 /* ns7.m */ = {isa = PBXFileReference; fileEncoding = 4; lastKnownFileType = sourcecode.c.objc; path = ns7.m; sourceTree = "<group>"; };
		84A1516B198F221E00293C66 /* ns8.h */ = {isa = PBXFileReference; fileEncoding = 4; lastKnownFileType = sourcecode.c.h; path = ns8.h; sourceTree = "<group>"; };
		84A1516C198F221E00293C66 /* ns8.m */ = {isa = PBXFileReference; fileEncoding = 4; lastKnownFileType = sourcecode.c.objc; path = ns8.m; sourceTree = "<group>"; };
		84A1516D198F221E00293C66 /* ns9.h */ = {isa = PBXFileReference; fileEncoding = 4; lastKnownFileType = sourcecode.c.h; path = ns9.h; sourceTree = "<group>"; };
		84A1516E198F221E00293C66 /* ns9.m */ = {isa = PBXFileReference; fileEncoding = 4; lastKnownFileType = sourcecode.c.objc; path = ns9.m; sourceTree = "<group>"; };
		84A1516F198F221E00293C66 /* NSDate+ISO8601Parsing.h */ = {isa = PBXFileReference; fileEncoding = 4; lastKnownFileType = sourcecode.c.h; path = "NSDate+ISO8601Parsing.h"; sourceTree = "<group>"; };
		84A15170198F221E00293C66 /* NSDate+ISO8601Parsing.m */ = {isa = PBXFileReference; fileEncoding = 4; lastKnownFileType = sourcecode.c.objc; path = "NSDate+ISO8601Parsing.m"; sourceTree = "<group>"; };
		84A15171198F221E00293C66 /* NSDate+ISO8601Unparsing.h */ = {isa = PBXFileReference; fileEncoding = 4; lastKnownFileType = sourcecode.c.h; path = "NSDate+ISO8601Unparsing.h"; sourceTree = "<group>"; };
		84A15172198F221E00293C66 /* NSDate+ISO8601Unparsing.m */ = {isa = PBXFileReference; fileEncoding = 4; lastKnownFileType = sourcecode.c.objc; path = "NSDate+ISO8601Unparsing.m"; sourceTree = "<group>"; };
		84A15173198F221E00293C66 /* USAdditions.h */ = {isa = PBXFileReference; fileEncoding = 4; lastKnownFileType = sourcecode.c.h; path = USAdditions.h; sourceTree = "<group>"; };
		84A15174198F221E00293C66 /* USAdditions.m */ = {isa = PBXFileReference; fileEncoding = 4; lastKnownFileType = sourcecode.c.objc; path = USAdditions.m; sourceTree = "<group>"; };
		84A15175198F221E00293C66 /* UserWS.h */ = {isa = PBXFileReference; fileEncoding = 4; lastKnownFileType = sourcecode.c.h; path = UserWS.h; sourceTree = "<group>"; };
		84A15176198F221E00293C66 /* UserWS.m */ = {isa = PBXFileReference; fileEncoding = 4; lastKnownFileType = sourcecode.c.objc; path = UserWS.m; sourceTree = "<group>"; };
		84A15177198F221E00293C66 /* USGlobals.h */ = {isa = PBXFileReference; fileEncoding = 4; lastKnownFileType = sourcecode.c.h; path = USGlobals.h; sourceTree = "<group>"; };
		84A15178198F221E00293C66 /* USGlobals.m */ = {isa = PBXFileReference; fileEncoding = 4; lastKnownFileType = sourcecode.c.objc; path = USGlobals.m; sourceTree = "<group>"; };
		84A15179198F221E00293C66 /* xsd.h */ = {isa = PBXFileReference; fileEncoding = 4; lastKnownFileType = sourcecode.c.h; path = xsd.h; sourceTree = "<group>"; };
		84A1517A198F221E00293C66 /* xsd.m */ = {isa = PBXFileReference; fileEncoding = 4; lastKnownFileType = sourcecode.c.objc; path = xsd.m; sourceTree = "<group>"; };
		84A15241198F649100293C66 /* CampusActivitiesTableViewCell.h */ = {isa = PBXFileReference; fileEncoding = 4; lastKnownFileType = sourcecode.c.h; path = CampusActivitiesTableViewCell.h; sourceTree = "<group>"; };
		84A15242198F649100293C66 /* CampusActivitiesTableViewCell.m */ = {isa = PBXFileReference; fileEncoding = 4; lastKnownFileType = sourcecode.c.objc; path = CampusActivitiesTableViewCell.m; sourceTree = "<group>"; };
		84A15243198F649100293C66 /* CampusActivitiesTableViewCell.xib */ = {isa = PBXFileReference; fileEncoding = 4; lastKnownFileType = file.xib; path = CampusActivitiesTableViewCell.xib; sourceTree = "<group>"; };
		84A15247198F651800293C66 /* CampusActivitiesDataAndDelegate.h */ = {isa = PBXFileReference; fileEncoding = 4; lastKnownFileType = sourcecode.c.h; path = CampusActivitiesDataAndDelegate.h; sourceTree = "<group>"; };
		84A15248198F651800293C66 /* CampusActivitiesDataAndDelegate.m */ = {isa = PBXFileReference; fileEncoding = 4; lastKnownFileType = sourcecode.c.objc; path = CampusActivitiesDataAndDelegate.m; sourceTree = "<group>"; };
		84A1524C198F7A5000293C66 /* ClassBulletinTableViewCell.h */ = {isa = PBXFileReference; fileEncoding = 4; lastKnownFileType = sourcecode.c.h; path = ClassBulletinTableViewCell.h; sourceTree = "<group>"; };
		84A1524D198F7A5000293C66 /* ClassBulletinTableViewCell.m */ = {isa = PBXFileReference; fileEncoding = 4; lastKnownFileType = sourcecode.c.objc; path = ClassBulletinTableViewCell.m; sourceTree = "<group>"; };
		84A1524E198F7A5000293C66 /* ClassBulletinTableViewCell.xib */ = {isa = PBXFileReference; fileEncoding = 4; lastKnownFileType = file.xib; path = ClassBulletinTableViewCell.xib; sourceTree = "<group>"; };
		84A15251198F7B6400293C66 /* ClassBulletinDelegate.h */ = {isa = PBXFileReference; fileEncoding = 4; lastKnownFileType = sourcecode.c.h; path = ClassBulletinDelegate.h; sourceTree = "<group>"; };
		84A15252198F7B6400293C66 /* ClassBulletinDelegate.m */ = {isa = PBXFileReference; fileEncoding = 4; lastKnownFileType = sourcecode.c.objc; path = ClassBulletinDelegate.m; sourceTree = "<group>"; };
		84A19A961980B13A00C2CA91 /* insertTableViewCell.h */ = {isa = PBXFileReference; fileEncoding = 4; lastKnownFileType = sourcecode.c.h; path = insertTableViewCell.h; sourceTree = "<group>"; };
		84A19A971980B13A00C2CA91 /* insertTableViewCell.m */ = {isa = PBXFileReference; fileEncoding = 4; lastKnownFileType = sourcecode.c.objc; path = insertTableViewCell.m; sourceTree = "<group>"; };
		84A19A981980B13A00C2CA91 /* insertTableViewCell.xib */ = {isa = PBXFileReference; fileEncoding = 4; lastKnownFileType = file.xib; path = insertTableViewCell.xib; sourceTree = "<group>"; };
		84A19AB81980DE2100C2CA91 /* HomeWorkCell.h */ = {isa = PBXFileReference; fileEncoding = 4; lastKnownFileType = sourcecode.c.h; path = HomeWorkCell.h; sourceTree = "<group>"; };
		84A19AB91980DE2100C2CA91 /* HomeWorkCell.m */ = {isa = PBXFileReference; fileEncoding = 4; lastKnownFileType = sourcecode.c.objc; path = HomeWorkCell.m; sourceTree = "<group>"; };
		84A19ABA1980DE2100C2CA91 /* HomeWorkCell.xib */ = {isa = PBXFileReference; fileEncoding = 4; lastKnownFileType = file.xib; path = HomeWorkCell.xib; sourceTree = "<group>"; };
		84A19ABD1980E9DB00C2CA91 /* ScheduleCell.h */ = {isa = PBXFileReference; fileEncoding = 4; lastKnownFileType = sourcecode.c.h; path = ScheduleCell.h; sourceTree = "<group>"; };
		84A19ABE1980E9DB00C2CA91 /* ScheduleCell.m */ = {isa = PBXFileReference; fileEncoding = 4; lastKnownFileType = sourcecode.c.objc; path = ScheduleCell.m; sourceTree = "<group>"; };
		84A19ABF1980E9DB00C2CA91 /* ScheduleCell.xib */ = {isa = PBXFileReference; fileEncoding = 4; lastKnownFileType = file.xib; path = ScheduleCell.xib; sourceTree = "<group>"; };
		84A19AC41980F3CB00C2CA91 /* DataSourceAndDelegate.h */ = {isa = PBXFileReference; fileEncoding = 4; lastKnownFileType = sourcecode.c.h; path = DataSourceAndDelegate.h; sourceTree = "<group>"; };
		84A19AC51980F3CB00C2CA91 /* DataSourceAndDelegate.m */ = {isa = PBXFileReference; fileEncoding = 4; lastKnownFileType = sourcecode.c.objc; path = DataSourceAndDelegate.m; sourceTree = "<group>"; };
		84A282C5198A1B0800DA9543 /* pageControlTableViewCell.h */ = {isa = PBXFileReference; fileEncoding = 4; lastKnownFileType = sourcecode.c.h; path = pageControlTableViewCell.h; sourceTree = "<group>"; };
		84A282C6198A1B0800DA9543 /* pageControlTableViewCell.m */ = {isa = PBXFileReference; fileEncoding = 4; lastKnownFileType = sourcecode.c.objc; path = pageControlTableViewCell.m; sourceTree = "<group>"; };
		84A282C7198A1B0800DA9543 /* pageControlTableViewCell.xib */ = {isa = PBXFileReference; fileEncoding = 4; lastKnownFileType = file.xib; path = pageControlTableViewCell.xib; sourceTree = "<group>"; };
		84A28323198A468E00DA9543 /* ZHXYShowDetailContentViewController.h */ = {isa = PBXFileReference; fileEncoding = 4; lastKnownFileType = sourcecode.c.h; path = ZHXYShowDetailContentViewController.h; sourceTree = "<group>"; };
		84A28324198A468E00DA9543 /* ZHXYShowDetailContentViewController.m */ = {isa = PBXFileReference; fileEncoding = 4; lastKnownFileType = sourcecode.c.objc; path = ZHXYShowDetailContentViewController.m; sourceTree = "<group>"; };
		84A28325198A468E00DA9543 /* ZHXYShowDetailContentViewController.xib */ = {isa = PBXFileReference; fileEncoding = 4; lastKnownFileType = file.xib; path = ZHXYShowDetailContentViewController.xib; sourceTree = "<group>"; };
		84B5E9BF1992323500FFAC8C /* JSON.h */ = {isa = PBXFileReference; fileEncoding = 4; lastKnownFileType = sourcecode.c.h; path = JSON.h; sourceTree = "<group>"; };
		84B5E9C01992323500FFAC8C /* NSObject+SBJSON.h */ = {isa = PBXFileReference; fileEncoding = 4; lastKnownFileType = sourcecode.c.h; path = "NSObject+SBJSON.h"; sourceTree = "<group>"; };
		84B5E9C11992323500FFAC8C /* NSObject+SBJSON.m */ = {isa = PBXFileReference; fileEncoding = 4; lastKnownFileType = sourcecode.c.objc; path = "NSObject+SBJSON.m"; sourceTree = "<group>"; };
		84B5E9C21992323500FFAC8C /* NSString+SBJSON.h */ = {isa = PBXFileReference; fileEncoding = 4; lastKnownFileType = sourcecode.c.h; path = "NSString+SBJSON.h"; sourceTree = "<group>"; };
		84B5E9C31992323500FFAC8C /* NSString+SBJSON.m */ = {isa = PBXFileReference; fileEncoding = 4; lastKnownFileType = sourcecode.c.objc; path = "NSString+SBJSON.m"; sourceTree = "<group>"; };
		84B5E9C41992323500FFAC8C /* SBJsonBase.h */ = {isa = PBXFileReference; fileEncoding = 4; lastKnownFileType = sourcecode.c.h; path = SBJsonBase.h; sourceTree = "<group>"; };
		84B5E9C51992323500FFAC8C /* SBJsonBase.m */ = {isa = PBXFileReference; fileEncoding = 4; lastKnownFileType = sourcecode.c.objc; path = SBJsonBase.m; sourceTree = "<group>"; };
		84B5E9C61992323500FFAC8C /* SBJsonParser.h */ = {isa = PBXFileReference; fileEncoding = 4; lastKnownFileType = sourcecode.c.h; path = SBJsonParser.h; sourceTree = "<group>"; };
		84B5E9C71992323500FFAC8C /* SBJsonParser.m */ = {isa = PBXFileReference; fileEncoding = 4; lastKnownFileType = sourcecode.c.objc; path = SBJsonParser.m; sourceTree = "<group>"; };
		84B5E9C81992323500FFAC8C /* SBJsonWriter.h */ = {isa = PBXFileReference; fileEncoding = 4; lastKnownFileType = sourcecode.c.h; path = SBJsonWriter.h; sourceTree = "<group>"; };
		84B5E9C91992323500FFAC8C /* SBJsonWriter.m */ = {isa = PBXFileReference; fileEncoding = 4; lastKnownFileType = sourcecode.c.objc; path = SBJsonWriter.m; sourceTree = "<group>"; };
		84D42385199344A000C6D66A /* classicon.jpg */ = {isa = PBXFileReference; lastKnownFileType = image.jpeg; path = classicon.jpg; sourceTree = "<group>"; };
		84D4238819934EC200C6D66A /* sp.png */ = {isa = PBXFileReference; lastKnownFileType = image.png; path = sp.png; sourceTree = "<group>"; };
		84D4238A1993533C00C6D66A /* tab_default.9.png */ = {isa = PBXFileReference; lastKnownFileType = image.png; path = tab_default.9.png; sourceTree = "<group>"; };
		84D4238C1993548500C6D66A /* lightbluebtn.png */ = {isa = PBXFileReference; lastKnownFileType = image.png; path = lightbluebtn.png; sourceTree = "<group>"; };
		84D4238E199354F900C6D66A /* tab_c_hover.9.png */ = {isa = PBXFileReference; lastKnownFileType = image.png; path = tab_c_hover.9.png; sourceTree = "<group>"; };
		84D423931993777F00C6D66A /* blackArrow.png */ = {isa = PBXFileReference; lastKnownFileType = image.png; path = blackArrow.png; sourceTree = "<group>"; };
		84D423941993777F00C6D66A /* blackArrow@2x.png */ = {isa = PBXFileReference; lastKnownFileType = image.png; path = "blackArrow@2x.png"; sourceTree = "<group>"; };
		84D423951993777F00C6D66A /* blueArrow.png */ = {isa = PBXFileReference; lastKnownFileType = image.png; path = blueArrow.png; sourceTree = "<group>"; };
		84D423961993777F00C6D66A /* blueArrow@2x.png */ = {isa = PBXFileReference; lastKnownFileType = image.png; path = "blueArrow@2x.png"; sourceTree = "<group>"; };
		84D423971993777F00C6D66A /* grayArrow.png */ = {isa = PBXFileReference; lastKnownFileType = image.png; path = grayArrow.png; sourceTree = "<group>"; };
		84D423981993777F00C6D66A /* grayArrow@2x.png */ = {isa = PBXFileReference; lastKnownFileType = image.png; path = "grayArrow@2x.png"; sourceTree = "<group>"; };
		84D423991993777F00C6D66A /* whiteArrow.png */ = {isa = PBXFileReference; lastKnownFileType = image.png; path = whiteArrow.png; sourceTree = "<group>"; };
		84D4239A1993777F00C6D66A /* whiteArrow@2x.png */ = {isa = PBXFileReference; lastKnownFileType = image.png; path = "whiteArrow@2x.png"; sourceTree = "<group>"; };
		84D423A31993779000C6D66A /* EGORefreshTableHeaderView.h */ = {isa = PBXFileReference; fileEncoding = 4; lastKnownFileType = sourcecode.c.h; path = EGORefreshTableHeaderView.h; sourceTree = "<group>"; };
		84D423A41993779000C6D66A /* EGORefreshTableHeaderView.m */ = {isa = PBXFileReference; fileEncoding = 4; lastKnownFileType = sourcecode.c.objc; path = EGORefreshTableHeaderView.m; sourceTree = "<group>"; };
/* End PBXFileReference section */

/* Begin PBXFrameworksBuildPhase section */
		84A0328C197C9B790061CF14 /* Frameworks */ = {
			isa = PBXFrameworksBuildPhase;
			buildActionMask = 2147483647;
			files = (
				849D4D78198B3F1900F6554E /* libxml2.dylib in Frameworks */,
				849FB80319874A29000A981C /* QuartzCore.framework in Frameworks */,
				84A03295197C9B790061CF14 /* CoreGraphics.framework in Frameworks */,
				84A03297197C9B790061CF14 /* UIKit.framework in Frameworks */,
				84A03293197C9B790061CF14 /* Foundation.framework in Frameworks */,
			);
			runOnlyForDeploymentPostprocessing = 0;
		};
		84A032AD197C9B790061CF14 /* Frameworks */ = {
			isa = PBXFrameworksBuildPhase;
			buildActionMask = 2147483647;
			files = (
				84A032B2197C9B790061CF14 /* XCTest.framework in Frameworks */,
				84A032B4197C9B790061CF14 /* UIKit.framework in Frameworks */,
				84A032B3197C9B790061CF14 /* Foundation.framework in Frameworks */,
			);
			runOnlyForDeploymentPostprocessing = 0;
		};
/* End PBXFrameworksBuildPhase section */

/* Begin PBXGroup section */
		849E49581990B5CB001D3C20 /* eMessageDelegate */ = {
			isa = PBXGroup;
			children = (
				849E49591990B60D001D3C20 /* eMessageDelegate.h */,
				849E495A1990B60D001D3C20 /* eMessageDelegate.m */,
			);
			name = eMessageDelegate;
			sourceTree = "<group>";
		};
		849E495F1990D7EE001D3C20 /* CustomTextTitleCell */ = {
			isa = PBXGroup;
			children = (
				849E49701990DA3D001D3C20 /* DownAccessory.png */,
				849E49711990DA3D001D3C20 /* DownAccessory@2x.png */,
				849E49721990DA3D001D3C20 /* UpAccessory.png */,
				849E49731990DA3D001D3C20 /* UpAccessory@2x.png */,
				849E496B1990D91C001D3C20 /* MyCircleTitleTableViewCell.h */,
				849E496C1990D91C001D3C20 /* MyCircleTitleTableViewCell.m */,
				849E496D1990D91C001D3C20 /* MyCircleTitleTableViewCell.xib */,
			);
			name = CustomTextTitleCell;
			sourceTree = "<group>";
		};
		849E49651990D899001D3C20 /* CustomContentCell */ = {
			isa = PBXGroup;
			children = (
				849E49661990D8D5001D3C20 /* MyCircleContentTableViewCell.h */,
				849E49671990D8D5001D3C20 /* MyCircleContentTableViewCell.m */,
				849E49681990D8D5001D3C20 /* MyCircleContentTableViewCell.xib */,
			);
			name = CustomContentCell;
			sourceTree = "<group>";
		};
		849FF1821985F8A4008BFBA3 /* HomeTable */ = {
			isa = PBXGroup;
			children = (
				84D4238A1993533C00C6D66A /* tab_default.9.png */,
				84D4238E199354F900C6D66A /* tab_c_hover.9.png */,
				84D4238C1993548500C6D66A /* lightbluebtn.png */,
				2CA9012919847FCB00935045 /* ZHXYHomeTableViewController.xib */,
				2CA9012819847FCB00935045 /* ZHXYHomeTableViewController.m */,
				2CA9012719847FCB00935045 /* ZHXYHomeTableViewController.h */,
			);
			name = HomeTable;
			sourceTree = "<group>";
		};
		849FF1831985F8EE008BFBA3 /* CustomCell */ = {
			isa = PBXGroup;
			children = (
				84A282C5198A1B0800DA9543 /* pageControlTableViewCell.h */,
				84A282C6198A1B0800DA9543 /* pageControlTableViewCell.m */,
				84A282C7198A1B0800DA9543 /* pageControlTableViewCell.xib */,
			);
			name = CustomCell;
			sourceTree = "<group>";
		};
		849FF1851985F981008BFBA3 /* pic */ = {
			isa = PBXGroup;
			children = (
				844197D4197E5E8500D08337 /* Expression_2@2x.png */,
				844197D5197E5E8500D08337 /* Expression_3@2x.png */,
				844197D6197E5E8500D08337 /* Expression_4@2x.png */,
				844197D3197E5E8500D08337 /* Expression_1@2x.png */,
			);
			name = pic;
			sourceTree = "<group>";
		};
		849FF18B19861DED008BFBA3 /* SchoolNews */ = {
			isa = PBXGroup;
			children = (
				849FF1A0198626BC008BFBA3 /* CustomCell */,
				849FF19919861F89008BFBA3 /* SchoolNewsViewController */,
				849FF19819861F63008BFBA3 /* SchoolNewsDelegate */,
			);
			name = SchoolNews;
			sourceTree = "<group>";
		};
		849FF18C19861E1E008BFBA3 /* ClassDynamics */ = {
			isa = PBXGroup;
			children = (
				84A1524B198F79F400293C66 /* ClassDynamicsDelegate */,
				84A1524A198F79D400293C66 /* CustomCell */,
			);
			name = ClassDynamics;
			sourceTree = "<group>";
		};
		849FF18D19861E60008BFBA3 /* Campus activities */ = {
			isa = PBXGroup;
			children = (
				84A15246198F64A100293C66 /* CampusActivitiesDelegate */,
				84A15240198F643F00293C66 /* CustomCell */,
			);
			name = "Campus activities";
			sourceTree = "<group>";
		};
		849FF19819861F63008BFBA3 /* SchoolNewsDelegate */ = {
			isa = PBXGroup;
			children = (
				849FF19D19862290008BFBA3 /* SchoolNewsDataSourceAndDelegate.h */,
				849FF19E19862290008BFBA3 /* SchoolNewsDataSourceAndDelegate.m */,
			);
			name = SchoolNewsDelegate;
			sourceTree = "<group>";
		};
		849FF19919861F89008BFBA3 /* SchoolNewsViewController */ = {
			isa = PBXGroup;
			children = (
				849FF18619861CE1008BFBA3 /* ZHXYSchoolNewsViewController.h */,
				849FF18719861CE1008BFBA3 /* ZHXYSchoolNewsViewController.m */,
				849FF18819861CE1008BFBA3 /* ZHXYSchoolNewsViewController.xib */,
			);
			name = SchoolNewsViewController;
			sourceTree = "<group>";
		};
		849FF1A0198626BC008BFBA3 /* CustomCell */ = {
			isa = PBXGroup;
			children = (
				849FF1A119862704008BFBA3 /* SchoolNewsTableViewCell.h */,
				849FF1A219862704008BFBA3 /* SchoolNewsTableViewCell.m */,
				849FF1A319862704008BFBA3 /* SchoolNewsTableViewCell.xib */,
			);
			name = CustomCell;
			sourceTree = "<group>";
		};
		84A03286197C9B790061CF14 = {
			isa = PBXGroup;
			children = (
				84A03298197C9B790061CF14 /* 智慧校园 */,
				84A032B7197C9B790061CF14 /* 智慧校园Tests */,
				84A03291197C9B790061CF14 /* Frameworks */,
				84A03290197C9B790061CF14 /* Products */,
			);
			sourceTree = "<group>";
		};
		84A03290197C9B790061CF14 /* Products */ = {
			isa = PBXGroup;
			children = (
				84A0328F197C9B790061CF14 /* 智慧校园.app */,
				84A032B0197C9B790061CF14 /* 智慧校园Tests.xctest */,
			);
			name = Products;
			sourceTree = "<group>";
		};
		84A03291197C9B790061CF14 /* Frameworks */ = {
			isa = PBXGroup;
			children = (
				84EA0F161994B57500FFD298 /* CCSegmentedControl */,
				84D423901993772900C6D66A /* Refresh */,
				84B5E9BE1992321F00FFAC8C /* SBJosn */,
				849D4D77198B3F1900F6554E /* libxml2.dylib */,
				849FB80219874A29000A981C /* QuartzCore.framework */,
				84A03292197C9B790061CF14 /* Foundation.framework */,
				84A03294197C9B790061CF14 /* CoreGraphics.framework */,
				84A03296197C9B790061CF14 /* UIKit.framework */,
				84A032B1197C9B790061CF14 /* XCTest.framework */,
			);
			name = Frameworks;
			sourceTree = "<group>";
		};
		84A03298197C9B790061CF14 /* 智慧校园 */ = {
			isa = PBXGroup;
			children = (
				84A03332197CF6640061CF14 /* Home */,
				84A03319197CEAF90061CF14 /* SchoolInfo */,
				84A03329197CEC740061CF14 /* CloudLibrary */,
				84A03325197CEC1E0061CF14 /* EducationalCenter */,
				84A0331F197CEB5A0061CF14 /* eSquare */,
				84A03310197CC73E0061CF14 /* HomePage */,
				84A032CD197C9C5D0061CF14 /* SelectClass */,
				84A032CC197C9C4D0061CF14 /* UserLog */,
				84A28321198A45D500DA9543 /* SystemInitFile */,
				84A03299197C9B790061CF14 /* Supporting Files */,
			);
			path = "智慧校园";
			sourceTree = "<group>";
		};
		84A03299197C9B790061CF14 /* Supporting Files */ = {
			isa = PBXGroup;
			children = (
				84A0329A197C9B790061CF14 /* 智慧校园-Info.plist */,
				84A0329B197C9B790061CF14 /* InfoPlist.strings */,
				84A0329E197C9B790061CF14 /* main.m */,
				84A032A0197C9B790061CF14 /* 智慧校园-Prefix.pch */,
			);
			name = "Supporting Files";
			sourceTree = "<group>";
		};
		84A032B7197C9B790061CF14 /* 智慧校园Tests */ = {
			isa = PBXGroup;
			children = (
				84A032BD197C9B790061CF14 /* ____Tests.m */,
				84A032B8197C9B790061CF14 /* Supporting Files */,
			);
			path = "智慧校园Tests";
			sourceTree = "<group>";
		};
		84A032B8197C9B790061CF14 /* Supporting Files */ = {
			isa = PBXGroup;
			children = (
				84A032B9197C9B790061CF14 /* 智慧校园Tests-Info.plist */,
				84A032BA197C9B790061CF14 /* InfoPlist.strings */,
			);
			name = "Supporting Files";
			sourceTree = "<group>";
		};
		84A032CC197C9C4D0061CF14 /* UserLog */ = {
			isa = PBXGroup;
			children = (
				84D4238319933E0600C6D66A /* UserLogView */,
				84D4238219933DE700C6D66A /* Pic */,
				84A1515C198F21FA00293C66 /* WSDL2Objc */,
			);
			name = UserLog;
			sourceTree = "<group>";
		};
		84A032CD197C9C5D0061CF14 /* SelectClass */ = {
			isa = PBXGroup;
			children = (
				84D42387199345FD00C6D66A /* SelectClassView */,
				84D423841993448800C6D66A /* Pic */,
			);
			name = SelectClass;
			sourceTree = "<group>";
		};
		84A03310197CC73E0061CF14 /* HomePage */ = {
			isa = PBXGroup;
			children = (
				84A03314197CCC5F0061CF14 /* ZHXYHomePageTabBarController.h */,
				84A03315197CCC5F0061CF14 /* ZHXYHomePageTabBarController.m */,
				84A03316197CCC5F0061CF14 /* ZHXYHomePageTabBarController.xib */,
			);
			name = HomePage;
			sourceTree = "<group>";
		};
		84A03319197CEAF90061CF14 /* SchoolInfo */ = {
			isa = PBXGroup;
			children = (
				849FF18D19861E60008BFBA3 /* Campus activities */,
				849FF18C19861E1E008BFBA3 /* ClassDynamics */,
				849FF18B19861DED008BFBA3 /* SchoolNews */,
			);
			name = SchoolInfo;
			sourceTree = "<group>";
		};
		84A0331F197CEB5A0061CF14 /* eSquare */ = {
			isa = PBXGroup;
			children = (
				84A15256198F83BB00293C66 /* MyE_Message */,
				84A15255198F837C00293C66 /* MyCircle */,
				84A15254198F835500293C66 /* Mye */,
				84A03320197CEC000061CF14 /* ZHXYeSquareViewController.h */,
				84A03321197CEC000061CF14 /* ZHXYeSquareViewController.m */,
				84A03322197CEC000061CF14 /* ZHXYeSquareViewController.xib */,
			);
			name = eSquare;
			sourceTree = "<group>";
		};
		84A03325197CEC1E0061CF14 /* EducationalCenter */ = {
			isa = PBXGroup;
			children = (
				84A03338197CFAEF0061CF14 /* ZHXYEducationCenterViewController.h */,
				84A03339197CFAEF0061CF14 /* ZHXYEducationCenterViewController.m */,
				84A0333A197CFAEF0061CF14 /* ZHXYEducationCenterViewController.xib */,
			);
			name = EducationalCenter;
			sourceTree = "<group>";
		};
		84A03329197CEC740061CF14 /* CloudLibrary */ = {
			isa = PBXGroup;
			children = (
				84A0332D197CECC70061CF14 /* ZHXYCloudLibraryViewController.h */,
				84A0332E197CECC70061CF14 /* ZHXYCloudLibraryViewController.m */,
				84A0332F197CECC70061CF14 /* ZHXYCloudLibraryViewController.xib */,
			);
			name = CloudLibrary;
			sourceTree = "<group>";
		};
		84A03332197CF6640061CF14 /* Home */ = {
			isa = PBXGroup;
			children = (
				84A19AAB1980D30800C2CA91 /* CustomCellSection_0 */,
				84A19AAC1980D37000C2CA91 /* CustomCellSection_1 */,
				84A19AAD1980D38000C2CA91 /* CustomCellSection_2 */,
				84A19AAE1980D38B00C2CA91 /* CustomCellSection_3 */,
				849FF1821985F8A4008BFBA3 /* HomeTable */,
				849FF1851985F981008BFBA3 /* pic */,
			);
			name = Home;
			sourceTree = "<group>";
		};
		84A1515C198F21FA00293C66 /* WSDL2Objc */ = {
			isa = PBXGroup;
			children = (
				84A1515D198F221E00293C66 /* ns1.h */,
				84A1515E198F221E00293C66 /* ns1.m */,
				84A1515F198F221E00293C66 /* ns2.h */,
				84A15160198F221E00293C66 /* ns2.m */,
				84A15161198F221E00293C66 /* ns3.h */,
				84A15162198F221E00293C66 /* ns3.m */,
				84A15163198F221E00293C66 /* ns4.h */,
				84A15164198F221E00293C66 /* ns4.m */,
				84A15165198F221E00293C66 /* ns5.h */,
				84A15166198F221E00293C66 /* ns5.m */,
				84A15167198F221E00293C66 /* ns6.h */,
				84A15168198F221E00293C66 /* ns6.m */,
				84A15169198F221E00293C66 /* ns7.h */,
				84A1516A198F221E00293C66 /* ns7.m */,
				84A1516B198F221E00293C66 /* ns8.h */,
				84A1516C198F221E00293C66 /* ns8.m */,
				84A1516D198F221E00293C66 /* ns9.h */,
				84A1516E198F221E00293C66 /* ns9.m */,
				84A1516F198F221E00293C66 /* NSDate+ISO8601Parsing.h */,
				84A15170198F221E00293C66 /* NSDate+ISO8601Parsing.m */,
				84A15171198F221E00293C66 /* NSDate+ISO8601Unparsing.h */,
				84A15172198F221E00293C66 /* NSDate+ISO8601Unparsing.m */,
				84A15173198F221E00293C66 /* USAdditions.h */,
				84A15174198F221E00293C66 /* USAdditions.m */,
				84A15175198F221E00293C66 /* UserWS.h */,
				84A15176198F221E00293C66 /* UserWS.m */,
				84A15177198F221E00293C66 /* USGlobals.h */,
				84A15178198F221E00293C66 /* USGlobals.m */,
				84A15179198F221E00293C66 /* xsd.h */,
				84A1517A198F221E00293C66 /* xsd.m */,
			);
			name = WSDL2Objc;
			sourceTree = "<group>";
		};
		84A15240198F643F00293C66 /* CustomCell */ = {
			isa = PBXGroup;
			children = (
				84A15241198F649100293C66 /* CampusActivitiesTableViewCell.h */,
				84A15242198F649100293C66 /* CampusActivitiesTableViewCell.m */,
				84A15243198F649100293C66 /* CampusActivitiesTableViewCell.xib */,
			);
			name = CustomCell;
			sourceTree = "<group>";
		};
		84A15246198F64A100293C66 /* CampusActivitiesDelegate */ = {
			isa = PBXGroup;
			children = (
				84A15247198F651800293C66 /* CampusActivitiesDataAndDelegate.h */,
				84A15248198F651800293C66 /* CampusActivitiesDataAndDelegate.m */,
			);
			name = CampusActivitiesDelegate;
			sourceTree = "<group>";
		};
		84A1524A198F79D400293C66 /* CustomCell */ = {
			isa = PBXGroup;
			children = (
				84A1524C198F7A5000293C66 /* ClassBulletinTableViewCell.h */,
				84A1524D198F7A5000293C66 /* ClassBulletinTableViewCell.m */,
				84A1524E198F7A5000293C66 /* ClassBulletinTableViewCell.xib */,
			);
			name = CustomCell;
			sourceTree = "<group>";
		};
		84A1524B198F79F400293C66 /* ClassDynamicsDelegate */ = {
			isa = PBXGroup;
			children = (
				84A15251198F7B6400293C66 /* ClassBulletinDelegate.h */,
				84A15252198F7B6400293C66 /* ClassBulletinDelegate.m */,
			);
			name = ClassDynamicsDelegate;
			sourceTree = "<group>";
		};
		84A15254198F835500293C66 /* Mye */ = {
			isa = PBXGroup;
			children = (
			);
			name = Mye;
			sourceTree = "<group>";
		};
		84A15255198F837C00293C66 /* MyCircle */ = {
			isa = PBXGroup;
			children = (
				849E49651990D899001D3C20 /* CustomContentCell */,
				849E495F1990D7EE001D3C20 /* CustomTextTitleCell */,
				849E495C1990BFA4001D3C20 /* MyCircleDataDelegate.h */,
				849E495D1990BFA4001D3C20 /* MyCircleDataDelegate.m */,
			);
			name = MyCircle;
			sourceTree = "<group>";
		};
		84A15256198F83BB00293C66 /* MyE_Message */ = {
			isa = PBXGroup;
			children = (
				849E49581990B5CB001D3C20 /* eMessageDelegate */,
				849E495319908933001D3C20 /* eMessageViewController.h */,
				849E495419908933001D3C20 /* eMessageViewController.m */,
				849E495519908933001D3C20 /* eMessageViewController.xib */,
			);
			name = MyE_Message;
			sourceTree = "<group>";
		};
		84A19AAB1980D30800C2CA91 /* CustomCellSection_0 */ = {
			isa = PBXGroup;
			children = (
				84A28322198A466B00DA9543 /* NewsDetailView */,
				849FF1831985F8EE008BFBA3 /* CustomCell */,
			);
			name = CustomCellSection_0;
			sourceTree = "<group>";
		};
		84A19AAC1980D37000C2CA91 /* CustomCellSection_1 */ = {
			isa = PBXGroup;
			children = (
				84A19AB81980DE2100C2CA91 /* HomeWorkCell.h */,
				84A19AB91980DE2100C2CA91 /* HomeWorkCell.m */,
				84A19ABA1980DE2100C2CA91 /* HomeWorkCell.xib */,
			);
			name = CustomCellSection_1;
			sourceTree = "<group>";
		};
		84A19AAD1980D38000C2CA91 /* CustomCellSection_2 */ = {
			isa = PBXGroup;
			children = (
				84A19ABD1980E9DB00C2CA91 /* ScheduleCell.h */,
				84A19ABE1980E9DB00C2CA91 /* ScheduleCell.m */,
				84A19ABF1980E9DB00C2CA91 /* ScheduleCell.xib */,
			);
			name = CustomCellSection_2;
			sourceTree = "<group>";
		};
		84A19AAE1980D38B00C2CA91 /* CustomCellSection_3 */ = {
			isa = PBXGroup;
			children = (
				84A19AC31980F36700C2CA91 /* delegate */,
				84A19AC21980F34300C2CA91 /* cell */,
			);
			name = CustomCellSection_3;
			sourceTree = "<group>";
		};
		84A19AC21980F34300C2CA91 /* cell */ = {
			isa = PBXGroup;
			children = (
				84A19A971980B13A00C2CA91 /* insertTableViewCell.m */,
				84A19A961980B13A00C2CA91 /* insertTableViewCell.h */,
				84A19A981980B13A00C2CA91 /* insertTableViewCell.xib */,
			);
			name = cell;
			sourceTree = "<group>";
		};
		84A19AC31980F36700C2CA91 /* delegate */ = {
			isa = PBXGroup;
			children = (
				84A19AC41980F3CB00C2CA91 /* DataSourceAndDelegate.h */,
				84A19AC51980F3CB00C2CA91 /* DataSourceAndDelegate.m */,
			);
			name = delegate;
			sourceTree = "<group>";
		};
		84A28321198A45D500DA9543 /* SystemInitFile */ = {
			isa = PBXGroup;
			children = (
				84D4238819934EC200C6D66A /* sp.png */,
				84A032A1197C9B790061CF14 /* ZHXYAppDelegate.h */,
				84A032A2197C9B790061CF14 /* ZHXYAppDelegate.m */,
				84A032A4197C9B790061CF14 /* Main.storyboard */,
				84A032AA197C9B790061CF14 /* Images.xcassets */,
			);
			name = SystemInitFile;
			sourceTree = "<group>";
		};
		84A28322198A466B00DA9543 /* NewsDetailView */ = {
			isa = PBXGroup;
			children = (
				84A28323198A468E00DA9543 /* ZHXYShowDetailContentViewController.h */,
				84A28324198A468E00DA9543 /* ZHXYShowDetailContentViewController.m */,
				84A28325198A468E00DA9543 /* ZHXYShowDetailContentViewController.xib */,
			);
			name = NewsDetailView;
			sourceTree = "<group>";
		};
		84B5E9BE1992321F00FFAC8C /* SBJosn */ = {
			isa = PBXGroup;
			children = (
				84B5E9BF1992323500FFAC8C /* JSON.h */,
				84B5E9C01992323500FFAC8C /* NSObject+SBJSON.h */,
				84B5E9C11992323500FFAC8C /* NSObject+SBJSON.m */,
				84B5E9C21992323500FFAC8C /* NSString+SBJSON.h */,
				84B5E9C31992323500FFAC8C /* NSString+SBJSON.m */,
				84B5E9C41992323500FFAC8C /* SBJsonBase.h */,
				84B5E9C51992323500FFAC8C /* SBJsonBase.m */,
				84B5E9C61992323500FFAC8C /* SBJsonParser.h */,
				84B5E9C71992323500FFAC8C /* SBJsonParser.m */,
				84B5E9C81992323500FFAC8C /* SBJsonWriter.h */,
				84B5E9C91992323500FFAC8C /* SBJsonWriter.m */,
			);
			name = SBJosn;
			sourceTree = "<group>";
		};
		84D4238219933DE700C6D66A /* Pic */ = {
			isa = PBXGroup;
			children = (
				84A032CE197CA0560061CF14 /* checkbox1_unchecked@2x.png */,
				84A032D2197CA4150061CF14 /* checkbox1_unchecked.png */,
				849FF2361982577700E7C23A /* checkbox_false.png */,
				849FF2371982577700E7C23A /* checkbox_true.png */,
				84A032D0197CA05B0061CF14 /* checkbox1_checked@2x.png */,
			);
			name = Pic;
			sourceTree = "<group>";
		};
		84D4238319933E0600C6D66A /* UserLogView */ = {
			isa = PBXGroup;
			children = (
				84A032C7197C9C0F0061CF14 /* ZHXYUserLogViewController.h */,
				84A032C8197C9C0F0061CF14 /* ZHXYUserLogViewController.m */,
				84A032C9197C9C0F0061CF14 /* ZHXYUserLogViewController.xib */,
			);
			name = UserLogView;
			sourceTree = "<group>";
		};
		84D423841993448800C6D66A /* Pic */ = {
			isa = PBXGroup;
			children = (
				84D42385199344A000C6D66A /* classicon.jpg */,
			);
			name = Pic;
			sourceTree = "<group>";
		};
		84D42387199345FD00C6D66A /* SelectClassView */ = {
			isa = PBXGroup;
			children = (
				84A0330B197CA9F60061CF14 /* ZHXYSelectClassViewController.h */,
				84A0330C197CA9F60061CF14 /* ZHXYSelectClassViewController.m */,
				84A0330D197CA9F60061CF14 /* ZHXYSelectClassViewController.xib */,
			);
			name = SelectClassView;
			sourceTree = "<group>";
		};
		84D423901993772900C6D66A /* Refresh */ = {
			isa = PBXGroup;
			children = (
				84D423921993776600C6D66A /* pic */,
				84D423911993775100C6D66A /* Classes */,
			);
			name = Refresh;
			sourceTree = "<group>";
		};
		84D423911993775100C6D66A /* Classes */ = {
			isa = PBXGroup;
			children = (
				84D423A31993779000C6D66A /* EGORefreshTableHeaderView.h */,
				84D423A41993779000C6D66A /* EGORefreshTableHeaderView.m */,
			);
			name = Classes;
			sourceTree = "<group>";
		};
		84D423921993776600C6D66A /* pic */ = {
			isa = PBXGroup;
			children = (
				84D423931993777F00C6D66A /* blackArrow.png */,
				84D423941993777F00C6D66A /* blackArrow@2x.png */,
				84D423951993777F00C6D66A /* blueArrow.png */,
				84D423961993777F00C6D66A /* blueArrow@2x.png */,
				84D423971993777F00C6D66A /* grayArrow.png */,
				84D423981993777F00C6D66A /* grayArrow@2x.png */,
				84D423991993777F00C6D66A /* whiteArrow.png */,
				84D4239A1993777F00C6D66A /* whiteArrow@2x.png */,
			);
			name = pic;
			sourceTree = "<group>";
		};
		84EA0F161994B57500FFD298 /* CCSegmentedControl */ = {
			isa = PBXGroup;
			children = (
				84EA0F171994B59600FFD298 /* Pic */,
				849D504D1994823D00AA0616 /* CCSegmentedControl.h */,
				849D504E1994823D00AA0616 /* CCSegmentedControl.m */,
			);
			name = CCSegmentedControl;
			sourceTree = "<group>";
		};
		84EA0F171994B59600FFD298 /* Pic */ = {
			isa = PBXGroup;
			children = (
				849D5048199470B400AA0616 /* segment_bg.png */,
				849D5049199470B400AA0616 /* stain.png */,
			);
			name = Pic;
			sourceTree = "<group>";
		};
/* End PBXGroup section */

/* Begin PBXNativeTarget section */
		84A0328E197C9B790061CF14 /* 智慧校园 */ = {
			isa = PBXNativeTarget;
			buildConfigurationList = 84A032C1197C9B790061CF14 /* Build configuration list for PBXNativeTarget "智慧校园" */;
			buildPhases = (
				84A0328B197C9B790061CF14 /* Sources */,
				84A0328C197C9B790061CF14 /* Frameworks */,
				84A0328D197C9B790061CF14 /* Resources */,
			);
			buildRules = (
			);
			dependencies = (
			);
			name = "智慧校园";
			productName = "智慧校园";
			productReference = 84A0328F197C9B790061CF14 /* 智慧校园.app */;
			productType = "com.apple.product-type.application";
		};
		84A032AF197C9B790061CF14 /* 智慧校园Tests */ = {
			isa = PBXNativeTarget;
			buildConfigurationList = 84A032C4197C9B790061CF14 /* Build configuration list for PBXNativeTarget "智慧校园Tests" */;
			buildPhases = (
				84A032AC197C9B790061CF14 /* Sources */,
				84A032AD197C9B790061CF14 /* Frameworks */,
				84A032AE197C9B790061CF14 /* Resources */,
			);
			buildRules = (
			);
			dependencies = (
				84A032B6197C9B790061CF14 /* PBXTargetDependency */,
			);
			name = "智慧校园Tests";
			productName = "智慧校园Tests";
			productReference = 84A032B0197C9B790061CF14 /* 智慧校园Tests.xctest */;
			productType = "com.apple.product-type.bundle.unit-test";
		};
/* End PBXNativeTarget section */

/* Begin PBXProject section */
		84A03287197C9B790061CF14 /* Project object */ = {
			isa = PBXProject;
			attributes = {
				CLASSPREFIX = ZHXY;
				LastUpgradeCheck = 0510;
				ORGANIZATIONNAME = liutianfu;
				TargetAttributes = {
					84A032AF197C9B790061CF14 = {
						TestTargetID = 84A0328E197C9B790061CF14;
					};
				};
			};
			buildConfigurationList = 84A0328A197C9B790061CF14 /* Build configuration list for PBXProject "智慧校园" */;
			compatibilityVersion = "Xcode 3.2";
			developmentRegion = English;
			hasScannedForEncodings = 0;
			knownRegions = (
				en,
				Base,
			);
			mainGroup = 84A03286197C9B790061CF14;
			productRefGroup = 84A03290197C9B790061CF14 /* Products */;
			projectDirPath = "";
			projectRoot = "";
			targets = (
				84A0328E197C9B790061CF14 /* 智慧校园 */,
				84A032AF197C9B790061CF14 /* 智慧校园Tests */,
			);
		};
/* End PBXProject section */

/* Begin PBXResourcesBuildPhase section */
		84A0328D197C9B790061CF14 /* Resources */ = {
			isa = PBXResourcesBuildPhase;
			buildActionMask = 2147483647;
			files = (
				844197DA197E5E8500D08337 /* Expression_4@2x.png in Resources */,
				84D423A01993777F00C6D66A /* grayArrow@2x.png in Resources */,
				849E495719908933001D3C20 /* eMessageViewController.xib in Resources */,
				844197D7197E5E8500D08337 /* Expression_1@2x.png in Resources */,
				84D4239B1993777F00C6D66A /* blackArrow.png in Resources */,
				84A032AB197C9B790061CF14 /* Images.xcassets in Resources */,
				849E49751990DA3D001D3C20 /* DownAccessory@2x.png in Resources */,
				844197D9197E5E8500D08337 /* Expression_3@2x.png in Resources */,
				84A032CB197C9C0F0061CF14 /* ZHXYUserLogViewController.xib in Resources */,
				84D4239C1993777F00C6D66A /* blackArrow@2x.png in Resources */,
				84D423A21993777F00C6D66A /* whiteArrow@2x.png in Resources */,
				849E49761990DA3D001D3C20 /* UpAccessory.png in Resources */,
				84A15245198F649100293C66 /* CampusActivitiesTableViewCell.xib in Resources */,
				84A032CF197CA0560061CF14 /* checkbox1_unchecked@2x.png in Resources */,
				849E49741990DA3D001D3C20 /* DownAccessory.png in Resources */,
				84A282C9198A1B0800DA9543 /* pageControlTableViewCell.xib in Resources */,
				844197D8197E5E8500D08337 /* Expression_2@2x.png in Resources */,
				84A19A9A1980B13A00C2CA91 /* insertTableViewCell.xib in Resources */,
				84A0329D197C9B790061CF14 /* InfoPlist.strings in Resources */,
				849D504B199470B400AA0616 /* stain.png in Resources */,
				849E496F1990D91C001D3C20 /* MyCircleTitleTableViewCell.xib in Resources */,
				849FF18A19861CE1008BFBA3 /* ZHXYSchoolNewsViewController.xib in Resources */,
				849FF1A519862704008BFBA3 /* SchoolNewsTableViewCell.xib in Resources */,
				84A0333C197CFAEF0061CF14 /* ZHXYEducationCenterViewController.xib in Resources */,
				84D42386199344A000C6D66A /* classicon.jpg in Resources */,
				84A032A6197C9B790061CF14 /* Main.storyboard in Resources */,
				84D423A11993777F00C6D66A /* whiteArrow.png in Resources */,
				84A032D3197CA4150061CF14 /* checkbox1_unchecked.png in Resources */,
				84A15250198F7A5000293C66 /* ClassBulletinTableViewCell.xib in Resources */,
				84D4238F199354F900C6D66A /* tab_c_hover.9.png in Resources */,
				849E496A1990D8D5001D3C20 /* MyCircleContentTableViewCell.xib in Resources */,
				849D504A199470B400AA0616 /* segment_bg.png in Resources */,
				84D4239F1993777F00C6D66A /* grayArrow.png in Resources */,
				84A19AC11980E9DB00C2CA91 /* ScheduleCell.xib in Resources */,
				84D4239E1993777F00C6D66A /* blueArrow@2x.png in Resources */,
				84A03318197CCC5F0061CF14 /* ZHXYHomePageTabBarController.xib in Resources */,
				84D4239D1993777F00C6D66A /* blueArrow.png in Resources */,
				84D4238919934EC200C6D66A /* sp.png in Resources */,
				849FF2391982577700E7C23A /* checkbox_true.png in Resources */,
				84A03324197CEC000061CF14 /* ZHXYeSquareViewController.xib in Resources */,
				84A03331197CECC70061CF14 /* ZHXYCloudLibraryViewController.xib in Resources */,
				84D4238B1993533C00C6D66A /* tab_default.9.png in Resources */,
				84A28327198A468E00DA9543 /* ZHXYShowDetailContentViewController.xib in Resources */,
				84D4238D1993548500C6D66A /* lightbluebtn.png in Resources */,
				84A0330F197CA9F60061CF14 /* ZHXYSelectClassViewController.xib in Resources */,
				84A19ABC1980DE2100C2CA91 /* HomeWorkCell.xib in Resources */,
				849E49771990DA3D001D3C20 /* UpAccessory@2x.png in Resources */,
				849FF2381982577700E7C23A /* checkbox_false.png in Resources */,
				84A032D1197CA05B0061CF14 /* checkbox1_checked@2x.png in Resources */,
				2CA9012B19847FCB00935045 /* ZHXYHomeTableViewController.xib in Resources */,
			);
			runOnlyForDeploymentPostprocessing = 0;
		};
		84A032AE197C9B790061CF14 /* Resources */ = {
			isa = PBXResourcesBuildPhase;
			buildActionMask = 2147483647;
			files = (
				84A032BC197C9B790061CF14 /* InfoPlist.strings in Resources */,
			);
			runOnlyForDeploymentPostprocessing = 0;
		};
/* End PBXResourcesBuildPhase section */

/* Begin PBXSourcesBuildPhase section */
		84A0328B197C9B790061CF14 /* Sources */ = {
			isa = PBXSourcesBuildPhase;
			buildActionMask = 2147483647;
			files = (
				849E495E1990BFA4001D3C20 /* MyCircleDataDelegate.m in Sources */,
				84B5E9CE1992323500FFAC8C /* SBJsonWriter.m in Sources */,
				84A0333B197CFAEF0061CF14 /* ZHXYEducationCenterViewController.m in Sources */,
				84A1524F198F7A5000293C66 /* ClassBulletinTableViewCell.m in Sources */,
				84A03317197CCC5F0061CF14 /* ZHXYHomePageTabBarController.m in Sources */,
				849D504F1994823D00AA0616 /* CCSegmentedControl.m in Sources */,
				84B5E9CD1992323500FFAC8C /* SBJsonParser.m in Sources */,
				84A15181198F221E00293C66 /* ns7.m in Sources */,
				84A1517C198F221E00293C66 /* ns2.m in Sources */,
				84A19ABB1980DE2100C2CA91 /* HomeWorkCell.m in Sources */,
				84A15185198F221E00293C66 /* NSDate+ISO8601Unparsing.m in Sources */,
				2CA9012A19847FCB00935045 /* ZHXYHomeTableViewController.m in Sources */,
				84A15249198F651800293C66 /* CampusActivitiesDataAndDelegate.m in Sources */,
				84D423A51993779000C6D66A /* EGORefreshTableHeaderView.m in Sources */,
				84A15186198F221E00293C66 /* USAdditions.m in Sources */,
				849E495619908933001D3C20 /* eMessageViewController.m in Sources */,
				84B5E9CB1992323500FFAC8C /* NSString+SBJSON.m in Sources */,
				84A15187198F221E00293C66 /* UserWS.m in Sources */,
				84A0329F197C9B790061CF14 /* main.m in Sources */,
				84A19A991980B13A00C2CA91 /* insertTableViewCell.m in Sources */,
				84A15180198F221E00293C66 /* ns6.m in Sources */,
				849FF1A419862704008BFBA3 /* SchoolNewsTableViewCell.m in Sources */,
				849FF19F19862290008BFBA3 /* SchoolNewsDataSourceAndDelegate.m in Sources */,
				84A03330197CECC70061CF14 /* ZHXYCloudLibraryViewController.m in Sources */,
				84A032CA197C9C0F0061CF14 /* ZHXYUserLogViewController.m in Sources */,
				84A0330E197CA9F60061CF14 /* ZHXYSelectClassViewController.m in Sources */,
				84A19AC01980E9DB00C2CA91 /* ScheduleCell.m in Sources */,
				84A1517E198F221E00293C66 /* ns4.m in Sources */,
				849FF18919861CE1008BFBA3 /* ZHXYSchoolNewsViewController.m in Sources */,
				84A15182198F221E00293C66 /* ns8.m in Sources */,
				84A15183198F221E00293C66 /* ns9.m in Sources */,
				84A282C8198A1B0800DA9543 /* pageControlTableViewCell.m in Sources */,
				84A1517B198F221E00293C66 /* ns1.m in Sources */,
				84A15189198F221E00293C66 /* xsd.m in Sources */,
				84A15188198F221E00293C66 /* USGlobals.m in Sources */,
				849E496E1990D91C001D3C20 /* MyCircleTitleTableViewCell.m in Sources */,
				84A1517F198F221E00293C66 /* ns5.m in Sources */,
				849E495B1990B60D001D3C20 /* eMessageDelegate.m in Sources */,
				84A03323197CEC000061CF14 /* ZHXYeSquareViewController.m in Sources */,
				849E49691990D8D5001D3C20 /* MyCircleContentTableViewCell.m in Sources */,
				84B5E9CC1992323500FFAC8C /* SBJsonBase.m in Sources */,
				84A1517D198F221E00293C66 /* ns3.m in Sources */,
				84A15184198F221E00293C66 /* NSDate+ISO8601Parsing.m in Sources */,
				84A15253198F7B6400293C66 /* ClassBulletinDelegate.m in Sources */,
				84A15244198F649100293C66 /* CampusActivitiesTableViewCell.m in Sources */,
				84B5E9CA1992323500FFAC8C /* NSObject+SBJSON.m in Sources */,
				84A19AC61980F3CB00C2CA91 /* DataSourceAndDelegate.m in Sources */,
				84A032A3197C9B790061CF14 /* ZHXYAppDelegate.m in Sources */,
				84A28326198A468E00DA9543 /* ZHXYShowDetailContentViewController.m in Sources */,
			);
			runOnlyForDeploymentPostprocessing = 0;
		};
		84A032AC197C9B790061CF14 /* Sources */ = {
			isa = PBXSourcesBuildPhase;
			buildActionMask = 2147483647;
			files = (
				84A032BE197C9B790061CF14 /* ____Tests.m in Sources */,
			);
			runOnlyForDeploymentPostprocessing = 0;
		};
/* End PBXSourcesBuildPhase section */

/* Begin PBXTargetDependency section */
		84A032B6197C9B790061CF14 /* PBXTargetDependency */ = {
			isa = PBXTargetDependency;
			target = 84A0328E197C9B790061CF14 /* 智慧校园 */;
			targetProxy = 84A032B5197C9B790061CF14 /* PBXContainerItemProxy */;
		};
/* End PBXTargetDependency section */

/* Begin PBXVariantGroup section */
		84A0329B197C9B790061CF14 /* InfoPlist.strings */ = {
			isa = PBXVariantGroup;
			children = (
				84A0329C197C9B790061CF14 /* en */,
			);
			name = InfoPlist.strings;
			sourceTree = "<group>";
		};
		84A032A4197C9B790061CF14 /* Main.storyboard */ = {
			isa = PBXVariantGroup;
			children = (
				84A032A5197C9B790061CF14 /* Base */,
			);
			name = Main.storyboard;
			sourceTree = "<group>";
		};
		84A032BA197C9B790061CF14 /* InfoPlist.strings */ = {
			isa = PBXVariantGroup;
			children = (
				84A032BB197C9B790061CF14 /* en */,
			);
			name = InfoPlist.strings;
			sourceTree = "<group>";
		};
/* End PBXVariantGroup section */

/* Begin XCBuildConfiguration section */
		84A032BF197C9B790061CF14 /* Debug */ = {
			isa = XCBuildConfiguration;
			buildSettings = {
				ALWAYS_SEARCH_USER_PATHS = NO;
				CLANG_CXX_LANGUAGE_STANDARD = "gnu++0x";
				CLANG_CXX_LIBRARY = "libc++";
				CLANG_ENABLE_MODULES = YES;
				CLANG_ENABLE_OBJC_ARC = YES;
				CLANG_WARN_BOOL_CONVERSION = YES;
				CLANG_WARN_CONSTANT_CONVERSION = YES;
				CLANG_WARN_DIRECT_OBJC_ISA_USAGE = YES_ERROR;
				CLANG_WARN_EMPTY_BODY = YES;
				CLANG_WARN_ENUM_CONVERSION = YES;
				CLANG_WARN_INT_CONVERSION = YES;
				CLANG_WARN_OBJC_ROOT_CLASS = YES_ERROR;
				CLANG_WARN__DUPLICATE_METHOD_MATCH = YES;
				"CODE_SIGN_IDENTITY[sdk=iphoneos*]" = "iPhone Developer";
				COPY_PHASE_STRIP = NO;
				GCC_C_LANGUAGE_STANDARD = gnu99;
				GCC_DYNAMIC_NO_PIC = NO;
				GCC_OPTIMIZATION_LEVEL = 0;
				GCC_PREPROCESSOR_DEFINITIONS = (
					"DEBUG=1",
					"$(inherited)",
				);
				GCC_SYMBOLS_PRIVATE_EXTERN = NO;
				GCC_WARN_64_TO_32_BIT_CONVERSION = YES;
				GCC_WARN_ABOUT_RETURN_TYPE = YES_ERROR;
				GCC_WARN_UNDECLARED_SELECTOR = YES;
				GCC_WARN_UNINITIALIZED_AUTOS = YES_AGGRESSIVE;
				GCC_WARN_UNUSED_FUNCTION = YES;
				GCC_WARN_UNUSED_VARIABLE = YES;
				IPHONEOS_DEPLOYMENT_TARGET = 7.1;
				ONLY_ACTIVE_ARCH = YES;
				SDKROOT = iphoneos;
			};
			name = Debug;
		};
		84A032C0197C9B790061CF14 /* Release */ = {
			isa = XCBuildConfiguration;
			buildSettings = {
				ALWAYS_SEARCH_USER_PATHS = NO;
				CLANG_CXX_LANGUAGE_STANDARD = "gnu++0x";
				CLANG_CXX_LIBRARY = "libc++";
				CLANG_ENABLE_MODULES = YES;
				CLANG_ENABLE_OBJC_ARC = YES;
				CLANG_WARN_BOOL_CONVERSION = YES;
				CLANG_WARN_CONSTANT_CONVERSION = YES;
				CLANG_WARN_DIRECT_OBJC_ISA_USAGE = YES_ERROR;
				CLANG_WARN_EMPTY_BODY = YES;
				CLANG_WARN_ENUM_CONVERSION = YES;
				CLANG_WARN_INT_CONVERSION = YES;
				CLANG_WARN_OBJC_ROOT_CLASS = YES_ERROR;
				CLANG_WARN__DUPLICATE_METHOD_MATCH = YES;
				"CODE_SIGN_IDENTITY[sdk=iphoneos*]" = "iPhone Developer";
				COPY_PHASE_STRIP = YES;
				ENABLE_NS_ASSERTIONS = NO;
				GCC_C_LANGUAGE_STANDARD = gnu99;
				GCC_WARN_64_TO_32_BIT_CONVERSION = YES;
				GCC_WARN_ABOUT_RETURN_TYPE = YES_ERROR;
				GCC_WARN_UNDECLARED_SELECTOR = YES;
				GCC_WARN_UNINITIALIZED_AUTOS = YES_AGGRESSIVE;
				GCC_WARN_UNUSED_FUNCTION = YES;
				GCC_WARN_UNUSED_VARIABLE = YES;
				IPHONEOS_DEPLOYMENT_TARGET = 7.1;
				SDKROOT = iphoneos;
				VALIDATE_PRODUCT = YES;
			};
			name = Release;
		};
		84A032C2197C9B790061CF14 /* Debug */ = {
			isa = XCBuildConfiguration;
			buildSettings = {
				ASSETCATALOG_COMPILER_APPICON_NAME = AppIcon;
				ASSETCATALOG_COMPILER_LAUNCHIMAGE_NAME = LaunchImage;
				GCC_PRECOMPILE_PREFIX_HEADER = YES;
				GCC_PREFIX_HEADER = "智慧校园/智慧校园-Prefix.pch";
				HEADER_SEARCH_PATHS = (
					"$(inherited)",
					/usr/include/libxml2,
				);
				INFOPLIST_FILE = "智慧校园/智慧校园-Info.plist";
				PRODUCT_NAME = "$(TARGET_NAME)";
				WRAPPER_EXTENSION = app;
			};
			name = Debug;
		};
		84A032C3197C9B790061CF14 /* Release */ = {
			isa = XCBuildConfiguration;
			buildSettings = {
				ASSETCATALOG_COMPILER_APPICON_NAME = AppIcon;
				ASSETCATALOG_COMPILER_LAUNCHIMAGE_NAME = LaunchImage;
				GCC_PRECOMPILE_PREFIX_HEADER = YES;
				GCC_PREFIX_HEADER = "智慧校园/智慧校园-Prefix.pch";
				HEADER_SEARCH_PATHS = (
					"$(inherited)",
					/usr/include/libxml2,
				);
				INFOPLIST_FILE = "智慧校园/智慧校园-Info.plist";
				PRODUCT_NAME = "$(TARGET_NAME)";
				WRAPPER_EXTENSION = app;
			};
			name = Release;
		};
		84A032C5197C9B790061CF14 /* Debug */ = {
			isa = XCBuildConfiguration;
			buildSettings = {
				BUNDLE_LOADER = "$(BUILT_PRODUCTS_DIR)/智慧校园.app/智慧校园";
				FRAMEWORK_SEARCH_PATHS = (
					"$(SDKROOT)/Developer/Library/Frameworks",
					"$(inherited)",
					"$(DEVELOPER_FRAMEWORKS_DIR)",
				);
				GCC_PRECOMPILE_PREFIX_HEADER = YES;
				GCC_PREFIX_HEADER = "智慧校园/智慧校园-Prefix.pch";
				GCC_PREPROCESSOR_DEFINITIONS = (
					"DEBUG=1",
					"$(inherited)",
				);
				INFOPLIST_FILE = "智慧校园Tests/智慧校园Tests-Info.plist";
				PRODUCT_NAME = "$(TARGET_NAME)";
				TEST_HOST = "$(BUNDLE_LOADER)";
				WRAPPER_EXTENSION = xctest;
			};
			name = Debug;
		};
		84A032C6197C9B790061CF14 /* Release */ = {
			isa = XCBuildConfiguration;
			buildSettings = {
				BUNDLE_LOADER = "$(BUILT_PRODUCTS_DIR)/智慧校园.app/智慧校园";
				FRAMEWORK_SEARCH_PATHS = (
					"$(SDKROOT)/Developer/Library/Frameworks",
					"$(inherited)",
					"$(DEVELOPER_FRAMEWORKS_DIR)",
				);
				GCC_PRECOMPILE_PREFIX_HEADER = YES;
				GCC_PREFIX_HEADER = "智慧校园/智慧校园-Prefix.pch";
				INFOPLIST_FILE = "智慧校园Tests/智慧校园Tests-Info.plist";
				PRODUCT_NAME = "$(TARGET_NAME)";
				TEST_HOST = "$(BUNDLE_LOADER)";
				WRAPPER_EXTENSION = xctest;
			};
			name = Release;
		};
/* End XCBuildConfiguration section */

/* Begin XCConfigurationList section */
		84A0328A197C9B790061CF14 /* Build configuration list for PBXProject "智慧校园" */ = {
			isa = XCConfigurationList;
			buildConfigurations = (
				84A032BF197C9B790061CF14 /* Debug */,
				84A032C0197C9B790061CF14 /* Release */,
			);
			defaultConfigurationIsVisible = 0;
			defaultConfigurationName = Release;
		};
		84A032C1197C9B790061CF14 /* Build configuration list for PBXNativeTarget "智慧校园" */ = {
			isa = XCConfigurationList;
			buildConfigurations = (
				84A032C2197C9B790061CF14 /* Debug */,
				84A032C3197C9B790061CF14 /* Release */,
			);
			defaultConfigurationIsVisible = 0;
			defaultConfigurationName = Release;
		};
		84A032C4197C9B790061CF14 /* Build configuration list for PBXNativeTarget "智慧校园Tests" */ = {
			isa = XCConfigurationList;
			buildConfigurations = (
				84A032C5197C9B790061CF14 /* Debug */,
				84A032C6197C9B790061CF14 /* Release */,
			);
			defaultConfigurationIsVisible = 0;
			defaultConfigurationName = Release;
		};
/* End XCConfigurationList section */
	};
	rootObject = 84A03287197C9B790061CF14 /* Project object */;
}
